// !$*UTF8*$!
{
	archiveVersion = 1;
	classes = {
	};
	objectVersion = 55;
	objects = {

/* Begin PBXBuildFile section */
		545FD8822751D0F800E0DADD /* AppDelegate.swift in Sources */ = {isa = PBXBuildFile; fileRef = 545FD8812751D0F800E0DADD /* AppDelegate.swift */; };
		545FD8842751D0F800E0DADD /* SceneDelegate.swift in Sources */ = {isa = PBXBuildFile; fileRef = 545FD8832751D0F800E0DADD /* SceneDelegate.swift */; };
		545FD8862751D0F800E0DADD /* ViewController.swift in Sources */ = {isa = PBXBuildFile; fileRef = 545FD8852751D0F800E0DADD /* ViewController.swift */; };
		545FD8892751D0F800E0DADD /* Main.storyboard in Resources */ = {isa = PBXBuildFile; fileRef = 545FD8872751D0F800E0DADD /* Main.storyboard */; };
		545FD88B2751D0FD00E0DADD /* Assets.xcassets in Resources */ = {isa = PBXBuildFile; fileRef = 545FD88A2751D0FD00E0DADD /* Assets.xcassets */; };
		545FD88E2751D0FD00E0DADD /* LaunchScreen.storyboard in Resources */ = {isa = PBXBuildFile; fileRef = 545FD88C2751D0FD00E0DADD /* LaunchScreen.storyboard */; };
		545FD8962751D53100E0DADD /* DiaryCell.swift in Sources */ = {isa = PBXBuildFile; fileRef = 545FD8952751D53100E0DADD /* DiaryCell.swift */; };
		545FD8982751D58200E0DADD /* StarViewController.swift in Sources */ = {isa = PBXBuildFile; fileRef = 545FD8972751D58200E0DADD /* StarViewController.swift */; };
		545FD89E2751D86600E0DADD /* StarCell.swift in Sources */ = {isa = PBXBuildFile; fileRef = 545FD89D2751D86600E0DADD /* StarCell.swift */; };
		545FD8A02751D9E300E0DADD /* WriteDiaryViewController.swift in Sources */ = {isa = PBXBuildFile; fileRef = 545FD89F2751D9E300E0DADD /* WriteDiaryViewController.swift */; };
		545FD8A22751DA3300E0DADD /* DiaryDetailViewController.swift in Sources */ = {isa = PBXBuildFile; fileRef = 545FD8A12751DA3300E0DADD /* DiaryDetailViewController.swift */; };
		545FD8A42755221600E0DADD /* Diary.swift in Sources */ = {isa = PBXBuildFile; fileRef = 545FD8A32755221600E0DADD /* Diary.swift */; };
/* End PBXBuildFile section */

/* Begin PBXFileReference section */
		545FD87E2751D0F800E0DADD /* Diary.app */ = {isa = PBXFileReference; explicitFileType = wrapper.application; includeInIndex = 0; path = Diary.app; sourceTree = BUILT_PRODUCTS_DIR; };
		545FD8812751D0F800E0DADD /* AppDelegate.swift */ = {isa = PBXFileReference; lastKnownFileType = sourcecode.swift; path = AppDelegate.swift; sourceTree = "<group>"; };
		545FD8832751D0F800E0DADD /* SceneDelegate.swift */ = {isa = PBXFileReference; lastKnownFileType = sourcecode.swift; path = SceneDelegate.swift; sourceTree = "<group>"; };
		545FD8852751D0F800E0DADD /* ViewController.swift */ = {isa = PBXFileReference; lastKnownFileType = sourcecode.swift; path = ViewController.swift; sourceTree = "<group>"; };
		545FD8882751D0F800E0DADD /* Base */ = {isa = PBXFileReference; lastKnownFileType = file.storyboard; name = Base; path = Base.lproj/Main.storyboard; sourceTree = "<group>"; };
		545FD88A2751D0FD00E0DADD /* Assets.xcassets */ = {isa = PBXFileReference; lastKnownFileType = folder.assetcatalog; path = Assets.xcassets; sourceTree = "<group>"; };
		545FD88D2751D0FD00E0DADD /* Base */ = {isa = PBXFileReference; lastKnownFileType = file.storyboard; name = Base; path = Base.lproj/LaunchScreen.storyboard; sourceTree = "<group>"; };
		545FD88F2751D0FD00E0DADD /* Info.plist */ = {isa = PBXFileReference; lastKnownFileType = text.plist.xml; path = Info.plist; sourceTree = "<group>"; };
		545FD8952751D53100E0DADD /* DiaryCell.swift */ = {isa = PBXFileReference; lastKnownFileType = sourcecode.swift; path = DiaryCell.swift; sourceTree = "<group>"; };
		545FD8972751D58200E0DADD /* StarViewController.swift */ = {isa = PBXFileReference; lastKnownFileType = sourcecode.swift; path = StarViewController.swift; sourceTree = "<group>"; };
		545FD89D2751D86600E0DADD /* StarCell.swift */ = {isa = PBXFileReference; lastKnownFileType = sourcecode.swift; path = StarCell.swift; sourceTree = "<group>"; };
		545FD89F2751D9E300E0DADD /* WriteDiaryViewController.swift */ = {isa = PBXFileReference; lastKnownFileType = sourcecode.swift; path = WriteDiaryViewController.swift; sourceTree = "<group>"; };
		545FD8A12751DA3300E0DADD /* DiaryDetailViewController.swift */ = {isa = PBXFileReference; lastKnownFileType = sourcecode.swift; path = DiaryDetailViewController.swift; sourceTree = "<group>"; };
		545FD8A32755221600E0DADD /* Diary.swift */ = {isa = PBXFileReference; lastKnownFileType = sourcecode.swift; path = Diary.swift; sourceTree = "<group>"; };
/* End PBXFileReference section */

/* Begin PBXFrameworksBuildPhase section */
		545FD87B2751D0F800E0DADD /* Frameworks */ = {
			isa = PBXFrameworksBuildPhase;
			buildActionMask = 2147483647;
			files = (
			);
			runOnlyForDeploymentPostprocessing = 0;
		};
/* End PBXFrameworksBuildPhase section */

/* Begin PBXGroup section */
		545FD8752751D0F800E0DADD = {
			isa = PBXGroup;
			children = (
				545FD8802751D0F800E0DADD /* Diary */,
				545FD87F2751D0F800E0DADD /* Products */,
			);
			sourceTree = "<group>";
		};
		545FD87F2751D0F800E0DADD /* Products */ = {
			isa = PBXGroup;
			children = (
				545FD87E2751D0F800E0DADD /* Diary.app */,
			);
			name = Products;
			sourceTree = "<group>";
		};
		545FD8802751D0F800E0DADD /* Diary */ = {
			isa = PBXGroup;
			children = (
				545FD8812751D0F800E0DADD /* AppDelegate.swift */,
				545FD8832751D0F800E0DADD /* SceneDelegate.swift */,
				545FD8852751D0F800E0DADD /* ViewController.swift */,
				545FD8872751D0F800E0DADD /* Main.storyboard */,
				545FD88A2751D0FD00E0DADD /* Assets.xcassets */,
				545FD88C2751D0FD00E0DADD /* LaunchScreen.storyboard */,
				545FD88F2751D0FD00E0DADD /* Info.plist */,
				545FD8952751D53100E0DADD /* DiaryCell.swift */,
				545FD8972751D58200E0DADD /* StarViewController.swift */,
				545FD89D2751D86600E0DADD /* StarCell.swift */,
				545FD89F2751D9E300E0DADD /* WriteDiaryViewController.swift */,
				545FD8A12751DA3300E0DADD /* DiaryDetailViewController.swift */,
				545FD8A32755221600E0DADD /* Diary.swift */,
			);
			path = Diary;
			sourceTree = "<group>";
		};
/* End PBXGroup section */

/* Begin PBXNativeTarget section */
		545FD87D2751D0F800E0DADD /* Diary */ = {
			isa = PBXNativeTarget;
			buildConfigurationList = 545FD8922751D0FD00E0DADD /* Build configuration list for PBXNativeTarget "Diary" */;
			buildPhases = (
				545FD87A2751D0F800E0DADD /* Sources */,
				545FD87B2751D0F800E0DADD /* Frameworks */,
				545FD87C2751D0F800E0DADD /* Resources */,
			);
			buildRules = (
			);
			dependencies = (
			);
			name = Diary;
			productName = Diary;
			productReference = 545FD87E2751D0F800E0DADD /* Diary.app */;
			productType = "com.apple.product-type.application";
		};
/* End PBXNativeTarget section */

/* Begin PBXProject section */
		545FD8762751D0F800E0DADD /* Project object */ = {
			isa = PBXProject;
			attributes = {
				BuildIndependentTargetsInParallel = 1;
				LastSwiftUpdateCheck = 1310;
				LastUpgradeCheck = 1310;
				TargetAttributes = {
					545FD87D2751D0F800E0DADD = {
						CreatedOnToolsVersion = 13.1;
					};
				};
			};
			buildConfigurationList = 545FD8792751D0F800E0DADD /* Build configuration list for PBXProject "Diary" */;
			compatibilityVersion = "Xcode 13.0";
			developmentRegion = en;
			hasScannedForEncodings = 0;
			knownRegions = (
				en,
				Base,
			);
			mainGroup = 545FD8752751D0F800E0DADD;
			productRefGroup = 545FD87F2751D0F800E0DADD /* Products */;
			projectDirPath = "";
			projectRoot = "";
			targets = (
				545FD87D2751D0F800E0DADD /* Diary */,
			);
		};
/* End PBXProject section */

/* Begin PBXResourcesBuildPhase section */
		545FD87C2751D0F800E0DADD /* Resources */ = {
			isa = PBXResourcesBuildPhase;
			buildActionMask = 2147483647;
			files = (
				545FD88E2751D0FD00E0DADD /* LaunchScreen.storyboard in Resources */,
				545FD88B2751D0FD00E0DADD /* Assets.xcassets in Resources */,
				545FD8892751D0F800E0DADD /* Main.storyboard in Resources */,
			);
			runOnlyForDeploymentPostprocessing = 0;
		};
/* End PBXResourcesBuildPhase section */

/* Begin PBXSourcesBuildPhase section */
		545FD87A2751D0F800E0DADD /* Sources */ = {
			isa = PBXSourcesBuildPhase;
			buildActionMask = 2147483647;
			files = (
				545FD8862751D0F800E0DADD /* ViewController.swift in Sources */,
				545FD8A02751D9E300E0DADD /* WriteDiaryViewController.swift in Sources */,
				545FD89E2751D86600E0DADD /* StarCell.swift in Sources */,
				545FD8822751D0F800E0DADD /* AppDelegate.swift in Sources */,
				545FD8842751D0F800E0DADD /* SceneDelegate.swift in Sources */,
				545FD8A42755221600E0DADD /* Diary.swift in Sources */,
				545FD8A22751DA3300E0DADD /* DiaryDetailViewController.swift in Sources */,
				545FD8962751D53100E0DADD /* DiaryCell.swift in Sources */,
				545FD8982751D58200E0DADD /* StarViewController.swift in Sources */,
			);
			runOnlyForDeploymentPostprocessing = 0;
		};
/* End PBXSourcesBuildPhase section */

/* Begin PBXVariantGroup section */
		545FD8872751D0F800E0DADD /* Main.storyboard */ = {
			isa = PBXVariantGroup;
			children = (
				545FD8882751D0F800E0DADD /* Base */,
			);
			name = Main.storyboard;
			sourceTree = "<group>";
		};
		545FD88C2751D0FD00E0DADD /* LaunchScreen.storyboard */ = {
			isa = PBXVariantGroup;
			children = (
				545FD88D2751D0FD00E0DADD /* Base */,
			);
			name = LaunchScreen.storyboard;
			sourceTree = "<group>";
		};
/* End PBXVariantGroup section */

/* Begin XCBuildConfiguration section */
		545FD8902751D0FD00E0DADD /* Debug */ = {
			isa = XCBuildConfiguration;
			buildSettings = {
				ALWAYS_SEARCH_USER_PATHS = NO;
				CLANG_ANALYZER_NONNULL = YES;
				CLANG_ANALYZER_NUMBER_OBJECT_CONVERSION = YES_AGGRESSIVE;
				CLANG_CXX_LANGUAGE_STANDARD = "gnu++17";
				CLANG_CXX_LIBRARY = "libc++";
				CLANG_ENABLE_MODULES = YES;
				CLANG_ENABLE_OBJC_ARC = YES;
				CLANG_ENABLE_OBJC_WEAK = YES;
				CLANG_WARN_BLOCK_CAPTURE_AUTORELEASING = YES;
				CLANG_WARN_BOOL_CONVERSION = YES;
				CLANG_WARN_COMMA = YES;
				CLANG_WARN_CONSTANT_CONVERSION = YES;
				CLANG_WARN_DEPRECATED_OBJC_IMPLEMENTATIONS = YES;
				CLANG_WARN_DIRECT_OBJC_ISA_USAGE = YES_ERROR;
				CLANG_WARN_DOCUMENTATION_COMMENTS = YES;
				CLANG_WARN_EMPTY_BODY = YES;
				CLANG_WARN_ENUM_CONVERSION = YES;
				CLANG_WARN_INFINITE_RECURSION = YES;
				CLANG_WARN_INT_CONVERSION = YES;
				CLANG_WARN_NON_LITERAL_NULL_CONVERSION = YES;
				CLANG_WARN_OBJC_IMPLICIT_RETAIN_SELF = YES;
				CLANG_WARN_OBJC_LITERAL_CONVERSION = YES;
				CLANG_WARN_OBJC_ROOT_CLASS = YES_ERROR;
				CLANG_WARN_QUOTED_INCLUDE_IN_FRAMEWORK_HEADER = YES;
				CLANG_WARN_RANGE_LOOP_ANALYSIS = YES;
				CLANG_WARN_STRICT_PROTOTYPES = YES;
				CLANG_WARN_SUSPICIOUS_MOVE = YES;
				CLANG_WARN_UNGUARDED_AVAILABILITY = YES_AGGRESSIVE;
				CLANG_WARN_UNREACHABLE_CODE = YES;
				CLANG_WARN__DUPLICATE_METHOD_MATCH = YES;
				COPY_PHASE_STRIP = NO;
				DEBUG_INFORMATION_FORMAT = dwarf;
				ENABLE_STRICT_OBJC_MSGSEND = YES;
				ENABLE_TESTABILITY = YES;
				GCC_C_LANGUAGE_STANDARD = gnu11;
				GCC_DYNAMIC_NO_PIC = NO;
				GCC_NO_COMMON_BLOCKS = YES;
				GCC_OPTIMIZATION_LEVEL = 0;
				GCC_PREPROCESSOR_DEFINITIONS = (
					"DEBUG=1",
					"$(inherited)",
				);
				GCC_WARN_64_TO_32_BIT_CONVERSION = YES;
				GCC_WARN_ABOUT_RETURN_TYPE = YES_ERROR;
				GCC_WARN_UNDECLARED_SELECTOR = YES;
				GCC_WARN_UNINITIALIZED_AUTOS = YES_AGGRESSIVE;
				GCC_WARN_UNUSED_FUNCTION = YES;
				GCC_WARN_UNUSED_VARIABLE = YES;
				IPHONEOS_DEPLOYMENT_TARGET = 15.0;
				MTL_ENABLE_DEBUG_INFO = INCLUDE_SOURCE;
				MTL_FAST_MATH = YES;
				ONLY_ACTIVE_ARCH = YES;
				SDKROOT = iphoneos;
				SWIFT_ACTIVE_COMPILATION_CONDITIONS = DEBUG;
				SWIFT_OPTIMIZATION_LEVEL = "-Onone";
			};
			name = Debug;
		};
		545FD8912751D0FD00E0DADD /* Release */ = {
			isa = XCBuildConfiguration;
			buildSettings = {
				ALWAYS_SEARCH_USER_PATHS = NO;
				CLANG_ANALYZER_NONNULL = YES;
				CLANG_ANALYZER_NUMBER_OBJECT_CONVERSION = YES_AGGRESSIVE;
				CLANG_CXX_LANGUAGE_STANDARD = "gnu++17";
				CLANG_CXX_LIBRARY = "libc++";
				CLANG_ENABLE_MODULES = YES;
				CLANG_ENABLE_OBJC_ARC = YES;
				CLANG_ENABLE_OBJC_WEAK = YES;
				CLANG_WARN_BLOCK_CAPTURE_AUTORELEASING = YES;
				CLANG_WARN_BOOL_CONVERSION = YES;
				CLANG_WARN_COMMA = YES;
				CLANG_WARN_CONSTANT_CONVERSION = YES;
				CLANG_WARN_DEPRECATED_OBJC_IMPLEMENTATIONS = YES;
				CLANG_WARN_DIRECT_OBJC_ISA_USAGE = YES_ERROR;
				CLANG_WARN_DOCUMENTATION_COMMENTS = YES;
				CLANG_WARN_EMPTY_BODY = YES;
				CLANG_WARN_ENUM_CONVERSION = YES;
				CLANG_WARN_INFINITE_RECURSION = YES;
				CLANG_WARN_INT_CONVERSION = YES;
				CLANG_WARN_NON_LITERAL_NULL_CONVERSION = YES;
				CLANG_WARN_OBJC_IMPLICIT_RETAIN_SELF = YES;
				CLANG_WARN_OBJC_LITERAL_CONVERSION = YES;
				CLANG_WARN_OBJC_ROOT_CLASS = YES_ERROR;
				CLANG_WARN_QUOTED_INCLUDE_IN_FRAMEWORK_HEADER = YES;
				CLANG_WARN_RANGE_LOOP_ANALYSIS = YES;
				CLANG_WARN_STRICT_PROTOTYPES = YES;
				CLANG_WARN_SUSPICIOUS_MOVE = YES;
				CLANG_WARN_UNGUARDED_AVAILABILITY = YES_AGGRESSIVE;
				CLANG_WARN_UNREACHABLE_CODE = YES;
				CLANG_WARN__DUPLICATE_METHOD_MATCH = YES;
				COPY_PHASE_STRIP = NO;
				DEBUG_INFORMATION_FORMAT = "dwarf-with-dsym";
				ENABLE_NS_ASSERTIONS = NO;
				ENABLE_STRICT_OBJC_MSGSEND = YES;
				GCC_C_LANGUAGE_STANDARD = gnu11;
				GCC_NO_COMMON_BLOCKS = YES;
				GCC_WARN_64_TO_32_BIT_CONVERSION = YES;
				GCC_WARN_ABOUT_RETURN_TYPE = YES_ERROR;
				GCC_WARN_UNDECLARED_SELECTOR = YES;
				GCC_WARN_UNINITIALIZED_AUTOS = YES_AGGRESSIVE;
				GCC_WARN_UNUSED_FUNCTION = YES;
				GCC_WARN_UNUSED_VARIABLE = YES;
				IPHONEOS_DEPLOYMENT_TARGET = 15.0;
				MTL_ENABLE_DEBUG_INFO = NO;
				MTL_FAST_MATH = YES;
				SDKROOT = iphoneos;
				SWIFT_COMPILATION_MODE = wholemodule;
				SWIFT_OPTIMIZATION_LEVEL = "-O";
				VALIDATE_PRODUCT = YES;
			};
			name = Release;
		};
		545FD8932751D0FD00E0DADD /* Debug */ = {
			isa = XCBuildConfiguration;
			buildSettings = {
				ASSETCATALOG_COMPILER_APPICON_NAME = AppIcon;
				ASSETCATALOG_COMPILER_GLOBAL_ACCENT_COLOR_NAME = AccentColor;
				CODE_SIGN_STYLE = Automatic;
				CURRENT_PROJECT_VERSION = 1;
				GENERATE_INFOPLIST_FILE = YES;
				INFOPLIST_FILE = Diary/Info.plist;
				INFOPLIST_KEY_UIApplicationSupportsIndirectInputEvents = YES;
				INFOPLIST_KEY_UILaunchStoryboardName = LaunchScreen;
				INFOPLIST_KEY_UIMainStoryboardFile = Main;
				INFOPLIST_KEY_UISupportedInterfaceOrientations_iPad = "UIInterfaceOrientationPortrait UIInterfaceOrientationPortraitUpsideDown UIInterfaceOrientationLandscapeLeft UIInterfaceOrientationLandscapeRight";
				INFOPLIST_KEY_UISupportedInterfaceOrientations_iPhone = "UIInterfaceOrientationPortrait UIInterfaceOrientationLandscapeLeft UIInterfaceOrientationLandscapeRight";
				LD_RUNPATH_SEARCH_PATHS = (
					"$(inherited)",
					"@executable_path/Frameworks",
				);
				MARKETING_VERSION = 1.0;
				PRODUCT_BUNDLE_IDENTIFIER = Zirit.Diary;
				PRODUCT_NAME = "$(TARGET_NAME)";
				SWIFT_EMIT_LOC_STRINGS = YES;
				SWIFT_VERSION = 5.0;
				TARGETED_DEVICE_FAMILY = "1,2";
			};
			name = Debug;
		};
		545FD8942751D0FD00E0DADD /* Release */ = {
			isa = XCBuildConfiguration;
			buildSettings = {
				ASSETCATALOG_COMPILER_APPICON_NAME = AppIcon;
				ASSETCATALOG_COMPILER_GLOBAL_ACCENT_COLOR_NAME = AccentColor;
				CODE_SIGN_STYLE = Automatic;
				CURRENT_PROJECT_VERSION = 1;
				GENERATE_INFOPLIST_FILE = YES;
				INFOPLIST_FILE = Diary/Info.plist;
				INFOPLIST_KEY_UIApplicationSupportsIndirectInputEvents = YES;
				INFOPLIST_KEY_UILaunchStoryboardName = LaunchScreen;
				INFOPLIST_KEY_UIMainStoryboardFile = Main;
				INFOPLIST_KEY_UISupportedInterfaceOrientations_iPad = "UIInterfaceOrientationPortrait UIInterfaceOrientationPortraitUpsideDown UIInterfaceOrientationLandscapeLeft UIInterfaceOrientationLandscapeRight";
				INFOPLIST_KEY_UISupportedInterfaceOrientations_iPhone = "UIInterfaceOrientationPortrait UIInterfaceOrientationLandscapeLeft UIInterfaceOrientationLandscapeRight";
				LD_RUNPATH_SEARCH_PATHS = (
					"$(inherited)",
					"@executable_path/Frameworks",
				);
				MARKETING_VERSION = 1.0;
				PRODUCT_BUNDLE_IDENTIFIER = Zirit.Diary;
				PRODUCT_NAME = "$(TARGET_NAME)";
				SWIFT_EMIT_LOC_STRINGS = YES;
				SWIFT_VERSION = 5.0;
				TARGETED_DEVICE_FAMILY = "1,2";
			};
			name = Release;
		};
/* End XCBuildConfiguration section */

/* Begin XCConfigurationList section */
		545FD8792751D0F800E0DADD /* Build configuration list for PBXProject "Diary" */ = {
			isa = XCConfigurationList;
			buildConfigurations = (
				545FD8902751D0FD00E0DADD /* Debug */,
				545FD8912751D0FD00E0DADD /* Release */,
			);
			defaultConfigurationIsVisible = 0;
			defaultConfigurationName = Release;
		};
		545FD8922751D0FD00E0DADD /* Build configuration list for PBXNativeTarget "Diary" */ = {
			isa = XCConfigurationList;
			buildConfigurations = (
				545FD8932751D0FD00E0DADD /* Debug */,
				545FD8942751D0FD00E0DADD /* Release */,
			);
			defaultConfigurationIsVisible = 0;
			defaultConfigurationName = Release;
		};
/* End XCConfigurationList section */
	};
	rootObject = 545FD8762751D0F800E0DADD /* Project object */;
}
