// !$*UTF8*$!
{
	archiveVersion = 1;
	classes = {
	};
	objectVersion = 55;
	objects = {

/* Begin PBXBuildFile section */
		5480A178282E901700F599F0 /* UNNotificationCenter.swift in Sources */ = {isa = PBXBuildFile; fileRef = 5480A177282E901700F599F0 /* UNNotificationCenter.swift */; };
		549792FF282D46CF003266B2 /* AppDelegate.swift in Sources */ = {isa = PBXBuildFile; fileRef = 549792FE282D46CF003266B2 /* AppDelegate.swift */; };
		54979301282D46CF003266B2 /* SceneDelegate.swift in Sources */ = {isa = PBXBuildFile; fileRef = 54979300282D46CF003266B2 /* SceneDelegate.swift */; };
		54979303282D46CF003266B2 /* AlertListViewController.swift in Sources */ = {isa = PBXBuildFile; fileRef = 54979302282D46CF003266B2 /* AlertListViewController.swift */; };
		54979306282D46CF003266B2 /* Main.storyboard in Resources */ = {isa = PBXBuildFile; fileRef = 54979304282D46CF003266B2 /* Main.storyboard */; };
		54979308282D46D4003266B2 /* Assets.xcassets in Resources */ = {isa = PBXBuildFile; fileRef = 54979307282D46D4003266B2 /* Assets.xcassets */; };
		5497930B282D46D4003266B2 /* LaunchScreen.storyboard in Resources */ = {isa = PBXBuildFile; fileRef = 54979309282D46D4003266B2 /* LaunchScreen.storyboard */; };
		54979314282D4863003266B2 /* AlertListCell.swift in Sources */ = {isa = PBXBuildFile; fileRef = 54979312282D4863003266B2 /* AlertListCell.swift */; };
		54979315282D4863003266B2 /* AlertListCell.xib in Resources */ = {isa = PBXBuildFile; fileRef = 54979313282D4863003266B2 /* AlertListCell.xib */; };
		54979317282D49EB003266B2 /* Alert.swift in Sources */ = {isa = PBXBuildFile; fileRef = 54979316282D49EB003266B2 /* Alert.swift */; };
		54979319282D4CDB003266B2 /* AddAlertViewController.swift in Sources */ = {isa = PBXBuildFile; fileRef = 54979318282D4CDB003266B2 /* AddAlertViewController.swift */; };
/* End PBXBuildFile section */

/* Begin PBXFileReference section */
		5480A177282E901700F599F0 /* UNNotificationCenter.swift */ = {isa = PBXFileReference; lastKnownFileType = sourcecode.swift; path = UNNotificationCenter.swift; sourceTree = "<group>"; };
		549792FB282D46CF003266B2 /* drinkWaterAlarm.app */ = {isa = PBXFileReference; explicitFileType = wrapper.application; includeInIndex = 0; path = drinkWaterAlarm.app; sourceTree = BUILT_PRODUCTS_DIR; };
		549792FE282D46CF003266B2 /* AppDelegate.swift */ = {isa = PBXFileReference; lastKnownFileType = sourcecode.swift; path = AppDelegate.swift; sourceTree = "<group>"; };
		54979300282D46CF003266B2 /* SceneDelegate.swift */ = {isa = PBXFileReference; lastKnownFileType = sourcecode.swift; path = SceneDelegate.swift; sourceTree = "<group>"; };
		54979302282D46CF003266B2 /* AlertListViewController.swift */ = {isa = PBXFileReference; lastKnownFileType = sourcecode.swift; path = AlertListViewController.swift; sourceTree = "<group>"; };
		54979305282D46CF003266B2 /* Base */ = {isa = PBXFileReference; lastKnownFileType = file.storyboard; name = Base; path = Base.lproj/Main.storyboard; sourceTree = "<group>"; };
		54979307282D46D4003266B2 /* Assets.xcassets */ = {isa = PBXFileReference; lastKnownFileType = folder.assetcatalog; path = Assets.xcassets; sourceTree = "<group>"; };
		5497930A282D46D4003266B2 /* Base */ = {isa = PBXFileReference; lastKnownFileType = file.storyboard; name = Base; path = Base.lproj/LaunchScreen.storyboard; sourceTree = "<group>"; };
		5497930C282D46D4003266B2 /* Info.plist */ = {isa = PBXFileReference; lastKnownFileType = text.plist.xml; path = Info.plist; sourceTree = "<group>"; };
		54979312282D4863003266B2 /* AlertListCell.swift */ = {isa = PBXFileReference; lastKnownFileType = sourcecode.swift; path = AlertListCell.swift; sourceTree = "<group>"; };
		54979313282D4863003266B2 /* AlertListCell.xib */ = {isa = PBXFileReference; lastKnownFileType = file.xib; path = AlertListCell.xib; sourceTree = "<group>"; };
		54979316282D49EB003266B2 /* Alert.swift */ = {isa = PBXFileReference; lastKnownFileType = sourcecode.swift; path = Alert.swift; sourceTree = "<group>"; };
		54979318282D4CDB003266B2 /* AddAlertViewController.swift */ = {isa = PBXFileReference; lastKnownFileType = sourcecode.swift; path = AddAlertViewController.swift; sourceTree = "<group>"; };
/* End PBXFileReference section */

/* Begin PBXFrameworksBuildPhase section */
		549792F8282D46CF003266B2 /* Frameworks */ = {
			isa = PBXFrameworksBuildPhase;
			buildActionMask = 2147483647;
			files = (
			);
			runOnlyForDeploymentPostprocessing = 0;
		};
/* End PBXFrameworksBuildPhase section */

/* Begin PBXGroup section */
		549792F2282D46CF003266B2 = {
			isa = PBXGroup;
			children = (
				549792FD282D46CF003266B2 /* drinkWaterAlarm */,
				549792FC282D46CF003266B2 /* Products */,
			);
			sourceTree = "<group>";
		};
		549792FC282D46CF003266B2 /* Products */ = {
			isa = PBXGroup;
			children = (
				549792FB282D46CF003266B2 /* drinkWaterAlarm.app */,
			);
			name = Products;
			sourceTree = "<group>";
		};
		549792FD282D46CF003266B2 /* drinkWaterAlarm */ = {
			isa = PBXGroup;
			children = (
				549792FE282D46CF003266B2 /* AppDelegate.swift */,
				54979300282D46CF003266B2 /* SceneDelegate.swift */,
				54979302282D46CF003266B2 /* AlertListViewController.swift */,
				54979318282D4CDB003266B2 /* AddAlertViewController.swift */,
				54979316282D49EB003266B2 /* Alert.swift */,
				54979312282D4863003266B2 /* AlertListCell.swift */,
				54979313282D4863003266B2 /* AlertListCell.xib */,
				5480A177282E901700F599F0 /* UNNotificationCenter.swift */,
				54979304282D46CF003266B2 /* Main.storyboard */,
				54979307282D46D4003266B2 /* Assets.xcassets */,
				54979309282D46D4003266B2 /* LaunchScreen.storyboard */,
				5497930C282D46D4003266B2 /* Info.plist */,
			);
			path = drinkWaterAlarm;
			sourceTree = "<group>";
		};
/* End PBXGroup section */

/* Begin PBXNativeTarget section */
		549792FA282D46CF003266B2 /* drinkWaterAlarm */ = {
			isa = PBXNativeTarget;
			buildConfigurationList = 5497930F282D46D4003266B2 /* Build configuration list for PBXNativeTarget "drinkWaterAlarm" */;
			buildPhases = (
				549792F7282D46CF003266B2 /* Sources */,
				549792F8282D46CF003266B2 /* Frameworks */,
				549792F9282D46CF003266B2 /* Resources */,
			);
			buildRules = (
			);
			dependencies = (
			);
			name = drinkWaterAlarm;
			productName = drinkWaterAlarm;
			productReference = 549792FB282D46CF003266B2 /* drinkWaterAlarm.app */;
			productType = "com.apple.product-type.application";
		};
/* End PBXNativeTarget section */

/* Begin PBXProject section */
		549792F3282D46CF003266B2 /* Project object */ = {
			isa = PBXProject;
			attributes = {
				BuildIndependentTargetsInParallel = 1;
				LastSwiftUpdateCheck = 1320;
				LastUpgradeCheck = 1320;
				TargetAttributes = {
					549792FA282D46CF003266B2 = {
						CreatedOnToolsVersion = 13.2.1;
					};
				};
			};
			buildConfigurationList = 549792F6282D46CF003266B2 /* Build configuration list for PBXProject "drinkWaterAlarm" */;
			compatibilityVersion = "Xcode 13.0";
			developmentRegion = en;
			hasScannedForEncodings = 0;
			knownRegions = (
				en,
				Base,
			);
			mainGroup = 549792F2282D46CF003266B2;
			productRefGroup = 549792FC282D46CF003266B2 /* Products */;
			projectDirPath = "";
			projectRoot = "";
			targets = (
				549792FA282D46CF003266B2 /* drinkWaterAlarm */,
			);
		};
/* End PBXProject section */

/* Begin PBXResourcesBuildPhase section */
		549792F9282D46CF003266B2 /* Resources */ = {
			isa = PBXResourcesBuildPhase;
			buildActionMask = 2147483647;
			files = (
				5497930B282D46D4003266B2 /* LaunchScreen.storyboard in Resources */,
				54979308282D46D4003266B2 /* Assets.xcassets in Resources */,
				54979315282D4863003266B2 /* AlertListCell.xib in Resources */,
				54979306282D46CF003266B2 /* Main.storyboard in Resources */,
			);
			runOnlyForDeploymentPostprocessing = 0;
		};
/* End PBXResourcesBuildPhase section */

/* Begin PBXSourcesBuildPhase section */
		549792F7282D46CF003266B2 /* Sources */ = {
			isa = PBXSourcesBuildPhase;
			buildActionMask = 2147483647;
			files = (
				54979314282D4863003266B2 /* AlertListCell.swift in Sources */,
				54979303282D46CF003266B2 /* AlertListViewController.swift in Sources */,
				549792FF282D46CF003266B2 /* AppDelegate.swift in Sources */,
				54979317282D49EB003266B2 /* Alert.swift in Sources */,
				54979301282D46CF003266B2 /* SceneDelegate.swift in Sources */,
				5480A178282E901700F599F0 /* UNNotificationCenter.swift in Sources */,
				54979319282D4CDB003266B2 /* AddAlertViewController.swift in Sources */,
			);
			runOnlyForDeploymentPostprocessing = 0;
		};
/* End PBXSourcesBuildPhase section */

/* Begin PBXVariantGroup section */
		54979304282D46CF003266B2 /* Main.storyboard */ = {
			isa = PBXVariantGroup;
			children = (
				54979305282D46CF003266B2 /* Base */,
			);
			name = Main.storyboard;
			sourceTree = "<group>";
		};
		54979309282D46D4003266B2 /* LaunchScreen.storyboard */ = {
			isa = PBXVariantGroup;
			children = (
				5497930A282D46D4003266B2 /* Base */,
			);
			name = LaunchScreen.storyboard;
			sourceTree = "<group>";
		};
/* End PBXVariantGroup section */

/* Begin XCBuildConfiguration section */
		5497930D282D46D4003266B2 /* Debug */ = {
			isa = XCBuildConfiguration;
			buildSettings = {
				ALWAYS_SEARCH_USER_PATHS = NO;
				CLANG_ANALYZER_NONNULL = YES;
				CLANG_ANALYZER_NUMBER_OBJECT_CONVERSION = YES_AGGRESSIVE;
				CLANG_CXX_LANGUAGE_STANDARD = "gnu++17";
				CLANG_CXX_LIBRARY = "libc++";
				CLANG_ENABLE_MODULES = YES;
				CLANG_ENABLE_OBJC_ARC = YES;
				CLANG_ENABLE_OBJC_WEAK = YES;
				CLANG_WARN_BLOCK_CAPTURE_AUTORELEASING = YES;
				CLANG_WARN_BOOL_CONVERSION = YES;
				CLANG_WARN_COMMA = YES;
				CLANG_WARN_CONSTANT_CONVERSION = YES;
				CLANG_WARN_DEPRECATED_OBJC_IMPLEMENTATIONS = YES;
				CLANG_WARN_DIRECT_OBJC_ISA_USAGE = YES_ERROR;
				CLANG_WARN_DOCUMENTATION_COMMENTS = YES;
				CLANG_WARN_EMPTY_BODY = YES;
				CLANG_WARN_ENUM_CONVERSION = YES;
				CLANG_WARN_INFINITE_RECURSION = YES;
				CLANG_WARN_INT_CONVERSION = YES;
				CLANG_WARN_NON_LITERAL_NULL_CONVERSION = YES;
				CLANG_WARN_OBJC_IMPLICIT_RETAIN_SELF = YES;
				CLANG_WARN_OBJC_LITERAL_CONVERSION = YES;
				CLANG_WARN_OBJC_ROOT_CLASS = YES_ERROR;
				CLANG_WARN_QUOTED_INCLUDE_IN_FRAMEWORK_HEADER = YES;
				CLANG_WARN_RANGE_LOOP_ANALYSIS = YES;
				CLANG_WARN_STRICT_PROTOTYPES = YES;
				CLANG_WARN_SUSPICIOUS_MOVE = YES;
				CLANG_WARN_UNGUARDED_AVAILABILITY = YES_AGGRESSIVE;
				CLANG_WARN_UNREACHABLE_CODE = YES;
				CLANG_WARN__DUPLICATE_METHOD_MATCH = YES;
				COPY_PHASE_STRIP = NO;
				DEBUG_INFORMATION_FORMAT = dwarf;
				ENABLE_STRICT_OBJC_MSGSEND = YES;
				ENABLE_TESTABILITY = YES;
				GCC_C_LANGUAGE_STANDARD = gnu11;
				GCC_DYNAMIC_NO_PIC = NO;
				GCC_NO_COMMON_BLOCKS = YES;
				GCC_OPTIMIZATION_LEVEL = 0;
				GCC_PREPROCESSOR_DEFINITIONS = (
					"DEBUG=1",
					"$(inherited)",
				);
				GCC_WARN_64_TO_32_BIT_CONVERSION = YES;
				GCC_WARN_ABOUT_RETURN_TYPE = YES_ERROR;
				GCC_WARN_UNDECLARED_SELECTOR = YES;
				GCC_WARN_UNINITIALIZED_AUTOS = YES_AGGRESSIVE;
				GCC_WARN_UNUSED_FUNCTION = YES;
				GCC_WARN_UNUSED_VARIABLE = YES;
				IPHONEOS_DEPLOYMENT_TARGET = 15.2;
				MTL_ENABLE_DEBUG_INFO = INCLUDE_SOURCE;
				MTL_FAST_MATH = YES;
				ONLY_ACTIVE_ARCH = YES;
				SDKROOT = iphoneos;
				SWIFT_ACTIVE_COMPILATION_CONDITIONS = DEBUG;
				SWIFT_OPTIMIZATION_LEVEL = "-Onone";
			};
			name = Debug;
		};
		5497930E282D46D4003266B2 /* Release */ = {
			isa = XCBuildConfiguration;
			buildSettings = {
				ALWAYS_SEARCH_USER_PATHS = NO;
				CLANG_ANALYZER_NONNULL = YES;
				CLANG_ANALYZER_NUMBER_OBJECT_CONVERSION = YES_AGGRESSIVE;
				CLANG_CXX_LANGUAGE_STANDARD = "gnu++17";
				CLANG_CXX_LIBRARY = "libc++";
				CLANG_ENABLE_MODULES = YES;
				CLANG_ENABLE_OBJC_ARC = YES;
				CLANG_ENABLE_OBJC_WEAK = YES;
				CLANG_WARN_BLOCK_CAPTURE_AUTORELEASING = YES;
				CLANG_WARN_BOOL_CONVERSION = YES;
				CLANG_WARN_COMMA = YES;
				CLANG_WARN_CONSTANT_CONVERSION = YES;
				CLANG_WARN_DEPRECATED_OBJC_IMPLEMENTATIONS = YES;
				CLANG_WARN_DIRECT_OBJC_ISA_USAGE = YES_ERROR;
				CLANG_WARN_DOCUMENTATION_COMMENTS = YES;
				CLANG_WARN_EMPTY_BODY = YES;
				CLANG_WARN_ENUM_CONVERSION = YES;
				CLANG_WARN_INFINITE_RECURSION = YES;
				CLANG_WARN_INT_CONVERSION = YES;
				CLANG_WARN_NON_LITERAL_NULL_CONVERSION = YES;
				CLANG_WARN_OBJC_IMPLICIT_RETAIN_SELF = YES;
				CLANG_WARN_OBJC_LITERAL_CONVERSION = YES;
				CLANG_WARN_OBJC_ROOT_CLASS = YES_ERROR;
				CLANG_WARN_QUOTED_INCLUDE_IN_FRAMEWORK_HEADER = YES;
				CLANG_WARN_RANGE_LOOP_ANALYSIS = YES;
				CLANG_WARN_STRICT_PROTOTYPES = YES;
				CLANG_WARN_SUSPICIOUS_MOVE = YES;
				CLANG_WARN_UNGUARDED_AVAILABILITY = YES_AGGRESSIVE;
				CLANG_WARN_UNREACHABLE_CODE = YES;
				CLANG_WARN__DUPLICATE_METHOD_MATCH = YES;
				COPY_PHASE_STRIP = NO;
				DEBUG_INFORMATION_FORMAT = "dwarf-with-dsym";
				ENABLE_NS_ASSERTIONS = NO;
				ENABLE_STRICT_OBJC_MSGSEND = YES;
				GCC_C_LANGUAGE_STANDARD = gnu11;
				GCC_NO_COMMON_BLOCKS = YES;
				GCC_WARN_64_TO_32_BIT_CONVERSION = YES;
				GCC_WARN_ABOUT_RETURN_TYPE = YES_ERROR;
				GCC_WARN_UNDECLARED_SELECTOR = YES;
				GCC_WARN_UNINITIALIZED_AUTOS = YES_AGGRESSIVE;
				GCC_WARN_UNUSED_FUNCTION = YES;
				GCC_WARN_UNUSED_VARIABLE = YES;
				IPHONEOS_DEPLOYMENT_TARGET = 15.2;
				MTL_ENABLE_DEBUG_INFO = NO;
				MTL_FAST_MATH = YES;
				SDKROOT = iphoneos;
				SWIFT_COMPILATION_MODE = wholemodule;
				SWIFT_OPTIMIZATION_LEVEL = "-O";
				VALIDATE_PRODUCT = YES;
			};
			name = Release;
		};
		54979310282D46D4003266B2 /* Debug */ = {
			isa = XCBuildConfiguration;
			buildSettings = {
				ASSETCATALOG_COMPILER_APPICON_NAME = AppIcon;
				ASSETCATALOG_COMPILER_GLOBAL_ACCENT_COLOR_NAME = AccentColor;
				CODE_SIGN_STYLE = Automatic;
				CURRENT_PROJECT_VERSION = 1;
				GENERATE_INFOPLIST_FILE = YES;
				INFOPLIST_FILE = drinkWaterAlarm/Info.plist;
				INFOPLIST_KEY_UIApplicationSupportsIndirectInputEvents = YES;
				INFOPLIST_KEY_UILaunchStoryboardName = LaunchScreen;
				INFOPLIST_KEY_UIMainStoryboardFile = Main;
				INFOPLIST_KEY_UISupportedInterfaceOrientations_iPad = "UIInterfaceOrientationPortrait UIInterfaceOrientationPortraitUpsideDown UIInterfaceOrientationLandscapeLeft UIInterfaceOrientationLandscapeRight";
				INFOPLIST_KEY_UISupportedInterfaceOrientations_iPhone = "UIInterfaceOrientationPortrait UIInterfaceOrientationLandscapeLeft UIInterfaceOrientationLandscapeRight";
				LD_RUNPATH_SEARCH_PATHS = (
					"$(inherited)",
					"@executable_path/Frameworks",
				);
				MARKETING_VERSION = 1.0;
				PRODUCT_BUNDLE_IDENTIFIER = zirit.drinkWaterAlarm;
				PRODUCT_NAME = "$(TARGET_NAME)";
				SWIFT_EMIT_LOC_STRINGS = YES;
				SWIFT_VERSION = 5.0;
				TARGETED_DEVICE_FAMILY = "1,2";
			};
			name = Debug;
		};
		54979311282D46D4003266B2 /* Release */ = {
			isa = XCBuildConfiguration;
			buildSettings = {
				ASSETCATALOG_COMPILER_APPICON_NAME = AppIcon;
				ASSETCATALOG_COMPILER_GLOBAL_ACCENT_COLOR_NAME = AccentColor;
				CODE_SIGN_STYLE = Automatic;
				CURRENT_PROJECT_VERSION = 1;
				GENERATE_INFOPLIST_FILE = YES;
				INFOPLIST_FILE = drinkWaterAlarm/Info.plist;
				INFOPLIST_KEY_UIApplicationSupportsIndirectInputEvents = YES;
				INFOPLIST_KEY_UILaunchStoryboardName = LaunchScreen;
				INFOPLIST_KEY_UIMainStoryboardFile = Main;
				INFOPLIST_KEY_UISupportedInterfaceOrientations_iPad = "UIInterfaceOrientationPortrait UIInterfaceOrientationPortraitUpsideDown UIInterfaceOrientationLandscapeLeft UIInterfaceOrientationLandscapeRight";
				INFOPLIST_KEY_UISupportedInterfaceOrientations_iPhone = "UIInterfaceOrientationPortrait UIInterfaceOrientationLandscapeLeft UIInterfaceOrientationLandscapeRight";
				LD_RUNPATH_SEARCH_PATHS = (
					"$(inherited)",
					"@executable_path/Frameworks",
				);
				MARKETING_VERSION = 1.0;
				PRODUCT_BUNDLE_IDENTIFIER = zirit.drinkWaterAlarm;
				PRODUCT_NAME = "$(TARGET_NAME)";
				SWIFT_EMIT_LOC_STRINGS = YES;
				SWIFT_VERSION = 5.0;
				TARGETED_DEVICE_FAMILY = "1,2";
			};
			name = Release;
		};
/* End XCBuildConfiguration section */

/* Begin XCConfigurationList section */
		549792F6282D46CF003266B2 /* Build configuration list for PBXProject "drinkWaterAlarm" */ = {
			isa = XCConfigurationList;
			buildConfigurations = (
				5497930D282D46D4003266B2 /* Debug */,
				5497930E282D46D4003266B2 /* Release */,
			);
			defaultConfigurationIsVisible = 0;
			defaultConfigurationName = Release;
		};
		5497930F282D46D4003266B2 /* Build configuration list for PBXNativeTarget "drinkWaterAlarm" */ = {
			isa = XCConfigurationList;
			buildConfigurations = (
				54979310282D46D4003266B2 /* Debug */,
				54979311282D46D4003266B2 /* Release */,
			);
			defaultConfigurationIsVisible = 0;
			defaultConfigurationName = Release;
		};
/* End XCConfigurationList section */
	};
	rootObject = 549792F3282D46CF003266B2 /* Project object */;
}
