// !$*UTF8*$!
{
	archiveVersion = 1;
	classes = {
	};
	objectVersion = 55;
	objects = {

/* Begin PBXBuildFile section */
		4B4C82920CDE1CBC375DFBD4 /* Pods_CreditCardList.framework in Frameworks */ = {isa = PBXBuildFile; fileRef = 007109EB474336D3DCA2A72F /* Pods_CreditCardList.framework */; };
		54B4A3BD280471F700F34E61 /* AppDelegate.swift in Sources */ = {isa = PBXBuildFile; fileRef = 54B4A3BC280471F700F34E61 /* AppDelegate.swift */; };
		54B4A3BF280471F700F34E61 /* SceneDelegate.swift in Sources */ = {isa = PBXBuildFile; fileRef = 54B4A3BE280471F700F34E61 /* SceneDelegate.swift */; };
		54B4A3C1280471F700F34E61 /* CardListViewController.swift in Sources */ = {isa = PBXBuildFile; fileRef = 54B4A3C0280471F700F34E61 /* CardListViewController.swift */; };
		54B4A3C4280471F700F34E61 /* Main.storyboard in Resources */ = {isa = PBXBuildFile; fileRef = 54B4A3C2280471F700F34E61 /* Main.storyboard */; };
		54B4A3C6280471FB00F34E61 /* Assets.xcassets in Resources */ = {isa = PBXBuildFile; fileRef = 54B4A3C5280471FB00F34E61 /* Assets.xcassets */; };
		54B4A3C9280471FB00F34E61 /* LaunchScreen.storyboard in Resources */ = {isa = PBXBuildFile; fileRef = 54B4A3C7280471FB00F34E61 /* LaunchScreen.storyboard */; };
		54B4A3D12804739300F34E61 /* CreditCard.swift in Sources */ = {isa = PBXBuildFile; fileRef = 54B4A3D02804739300F34E61 /* CreditCard.swift */; };
		54B4A3D42804746D00F34E61 /* CardListCell.swift in Sources */ = {isa = PBXBuildFile; fileRef = 54B4A3D22804746D00F34E61 /* CardListCell.swift */; };
		54B4A3D52804746D00F34E61 /* CardListCell.xib in Resources */ = {isa = PBXBuildFile; fileRef = 54B4A3D32804746D00F34E61 /* CardListCell.xib */; };
		54B4A3D728047A4500F34E61 /* CardDetailViewController.swift in Sources */ = {isa = PBXBuildFile; fileRef = 54B4A3D628047A4500F34E61 /* CardDetailViewController.swift */; };
		54B4A3D928047D9600F34E61 /* money.json in Resources */ = {isa = PBXBuildFile; fileRef = 54B4A3D828047D9600F34E61 /* money.json */; };
		54B4A3DB280D95E800F34E61 /* GoogleService-Info.plist in Resources */ = {isa = PBXBuildFile; fileRef = 54B4A3DA280D95E800F34E61 /* GoogleService-Info.plist */; };
		54B4A3DD280DA3D900F34E61 /* CreditCardDummy.swift in Sources */ = {isa = PBXBuildFile; fileRef = 54B4A3DC280DA3D900F34E61 /* CreditCardDummy.swift */; };
/* End PBXBuildFile section */

/* Begin PBXFileReference section */
		007109EB474336D3DCA2A72F /* Pods_CreditCardList.framework */ = {isa = PBXFileReference; explicitFileType = wrapper.framework; includeInIndex = 0; path = Pods_CreditCardList.framework; sourceTree = BUILT_PRODUCTS_DIR; };
		54B4A3B9280471F700F34E61 /* CreditCardList.app */ = {isa = PBXFileReference; explicitFileType = wrapper.application; includeInIndex = 0; path = CreditCardList.app; sourceTree = BUILT_PRODUCTS_DIR; };
		54B4A3BC280471F700F34E61 /* AppDelegate.swift */ = {isa = PBXFileReference; lastKnownFileType = sourcecode.swift; path = AppDelegate.swift; sourceTree = "<group>"; };
		54B4A3BE280471F700F34E61 /* SceneDelegate.swift */ = {isa = PBXFileReference; lastKnownFileType = sourcecode.swift; path = SceneDelegate.swift; sourceTree = "<group>"; };
		54B4A3C0280471F700F34E61 /* CardListViewController.swift */ = {isa = PBXFileReference; lastKnownFileType = sourcecode.swift; path = CardListViewController.swift; sourceTree = "<group>"; };
		54B4A3C3280471F700F34E61 /* Base */ = {isa = PBXFileReference; lastKnownFileType = file.storyboard; name = Base; path = Base.lproj/Main.storyboard; sourceTree = "<group>"; };
		54B4A3C5280471FB00F34E61 /* Assets.xcassets */ = {isa = PBXFileReference; lastKnownFileType = folder.assetcatalog; path = Assets.xcassets; sourceTree = "<group>"; };
		54B4A3C8280471FB00F34E61 /* Base */ = {isa = PBXFileReference; lastKnownFileType = file.storyboard; name = Base; path = Base.lproj/LaunchScreen.storyboard; sourceTree = "<group>"; };
		54B4A3CA280471FB00F34E61 /* Info.plist */ = {isa = PBXFileReference; lastKnownFileType = text.plist.xml; path = Info.plist; sourceTree = "<group>"; };
		54B4A3D02804739300F34E61 /* CreditCard.swift */ = {isa = PBXFileReference; lastKnownFileType = sourcecode.swift; path = CreditCard.swift; sourceTree = "<group>"; };
		54B4A3D22804746D00F34E61 /* CardListCell.swift */ = {isa = PBXFileReference; lastKnownFileType = sourcecode.swift; path = CardListCell.swift; sourceTree = "<group>"; };
		54B4A3D32804746D00F34E61 /* CardListCell.xib */ = {isa = PBXFileReference; lastKnownFileType = file.xib; path = CardListCell.xib; sourceTree = "<group>"; };
		54B4A3D628047A4500F34E61 /* CardDetailViewController.swift */ = {isa = PBXFileReference; lastKnownFileType = sourcecode.swift; path = CardDetailViewController.swift; sourceTree = "<group>"; };
		54B4A3D828047D9600F34E61 /* money.json */ = {isa = PBXFileReference; fileEncoding = 4; lastKnownFileType = text.json; path = money.json; sourceTree = "<group>"; };
		54B4A3DA280D95E800F34E61 /* GoogleService-Info.plist */ = {isa = PBXFileReference; fileEncoding = 4; lastKnownFileType = text.plist.xml; path = "GoogleService-Info.plist"; sourceTree = "<group>"; };
		54B4A3DC280DA3D900F34E61 /* CreditCardDummy.swift */ = {isa = PBXFileReference; fileEncoding = 4; lastKnownFileType = sourcecode.swift; path = CreditCardDummy.swift; sourceTree = "<group>"; };
		9656BDA3E801FB07EF31C52B /* Pods-CreditCardList.release.xcconfig */ = {isa = PBXFileReference; includeInIndex = 1; lastKnownFileType = text.xcconfig; name = "Pods-CreditCardList.release.xcconfig"; path = "Target Support Files/Pods-CreditCardList/Pods-CreditCardList.release.xcconfig"; sourceTree = "<group>"; };
		D62A0C57AF5B1443FD8DCA16 /* Pods-CreditCardList.debug.xcconfig */ = {isa = PBXFileReference; includeInIndex = 1; lastKnownFileType = text.xcconfig; name = "Pods-CreditCardList.debug.xcconfig"; path = "Target Support Files/Pods-CreditCardList/Pods-CreditCardList.debug.xcconfig"; sourceTree = "<group>"; };
/* End PBXFileReference section */

/* Begin PBXFrameworksBuildPhase section */
		54B4A3B6280471F700F34E61 /* Frameworks */ = {
			isa = PBXFrameworksBuildPhase;
			buildActionMask = 2147483647;
			files = (
				4B4C82920CDE1CBC375DFBD4 /* Pods_CreditCardList.framework in Frameworks */,
			);
			runOnlyForDeploymentPostprocessing = 0;
		};
/* End PBXFrameworksBuildPhase section */

/* Begin PBXGroup section */
		54B4A3B0280471F700F34E61 = {
			isa = PBXGroup;
			children = (
				54B4A3BB280471F700F34E61 /* CreditCardList */,
				54B4A3BA280471F700F34E61 /* Products */,
				DC7D6D86375AEDB73EDD6ADD /* Pods */,
				67C26EFCA645C5F5D886671C /* Frameworks */,
			);
			sourceTree = "<group>";
		};
		54B4A3BA280471F700F34E61 /* Products */ = {
			isa = PBXGroup;
			children = (
				54B4A3B9280471F700F34E61 /* CreditCardList.app */,
			);
			name = Products;
			sourceTree = "<group>";
		};
		54B4A3BB280471F700F34E61 /* CreditCardList */ = {
			isa = PBXGroup;
			children = (
				54B4A3D828047D9600F34E61 /* money.json */,
				54B4A3BC280471F700F34E61 /* AppDelegate.swift */,
				54B4A3BE280471F700F34E61 /* SceneDelegate.swift */,
				54B4A3C0280471F700F34E61 /* CardListViewController.swift */,
				54B4A3D628047A4500F34E61 /* CardDetailViewController.swift */,
				54B4A3D02804739300F34E61 /* CreditCard.swift */,
				54B4A3DC280DA3D900F34E61 /* CreditCardDummy.swift */,
				54B4A3C2280471F700F34E61 /* Main.storyboard */,
				54B4A3C5280471FB00F34E61 /* Assets.xcassets */,
				54B4A3C7280471FB00F34E61 /* LaunchScreen.storyboard */,
				54B4A3CA280471FB00F34E61 /* Info.plist */,
				54B4A3DA280D95E800F34E61 /* GoogleService-Info.plist */,
				54B4A3D22804746D00F34E61 /* CardListCell.swift */,
				54B4A3D32804746D00F34E61 /* CardListCell.xib */,
			);
			path = CreditCardList;
			sourceTree = "<group>";
		};
		67C26EFCA645C5F5D886671C /* Frameworks */ = {
			isa = PBXGroup;
			children = (
				007109EB474336D3DCA2A72F /* Pods_CreditCardList.framework */,
			);
			name = Frameworks;
			sourceTree = "<group>";
		};
		DC7D6D86375AEDB73EDD6ADD /* Pods */ = {
			isa = PBXGroup;
			children = (
				D62A0C57AF5B1443FD8DCA16 /* Pods-CreditCardList.debug.xcconfig */,
				9656BDA3E801FB07EF31C52B /* Pods-CreditCardList.release.xcconfig */,
			);
			path = Pods;
			sourceTree = "<group>";
		};
/* End PBXGroup section */

/* Begin PBXNativeTarget section */
		54B4A3B8280471F700F34E61 /* CreditCardList */ = {
			isa = PBXNativeTarget;
			buildConfigurationList = 54B4A3CD280471FB00F34E61 /* Build configuration list for PBXNativeTarget "CreditCardList" */;
			buildPhases = (
				B5ACE278F8D9FB36DE731DCD /* [CP] Check Pods Manifest.lock */,
				54B4A3B5280471F700F34E61 /* Sources */,
				54B4A3B6280471F700F34E61 /* Frameworks */,
				54B4A3B7280471F700F34E61 /* Resources */,
				0B6E5BEC3193F3A51CA26684 /* [CP] Embed Pods Frameworks */,
			);
			buildRules = (
			);
			dependencies = (
			);
			name = CreditCardList;
			productName = CreditCardList;
			productReference = 54B4A3B9280471F700F34E61 /* CreditCardList.app */;
			productType = "com.apple.product-type.application";
		};
/* End PBXNativeTarget section */

/* Begin PBXProject section */
		54B4A3B1280471F700F34E61 /* Project object */ = {
			isa = PBXProject;
			attributes = {
				BuildIndependentTargetsInParallel = 1;
				LastSwiftUpdateCheck = 1320;
				LastUpgradeCheck = 1320;
				TargetAttributes = {
					54B4A3B8280471F700F34E61 = {
						CreatedOnToolsVersion = 13.2.1;
					};
				};
			};
			buildConfigurationList = 54B4A3B4280471F700F34E61 /* Build configuration list for PBXProject "CreditCardList" */;
			compatibilityVersion = "Xcode 13.0";
			developmentRegion = en;
			hasScannedForEncodings = 0;
			knownRegions = (
				en,
				Base,
			);
			mainGroup = 54B4A3B0280471F700F34E61;
			productRefGroup = 54B4A3BA280471F700F34E61 /* Products */;
			projectDirPath = "";
			projectRoot = "";
			targets = (
				54B4A3B8280471F700F34E61 /* CreditCardList */,
			);
		};
/* End PBXProject section */

/* Begin PBXResourcesBuildPhase section */
		54B4A3B7280471F700F34E61 /* Resources */ = {
			isa = PBXResourcesBuildPhase;
			buildActionMask = 2147483647;
			files = (
				54B4A3C9280471FB00F34E61 /* LaunchScreen.storyboard in Resources */,
				54B4A3C6280471FB00F34E61 /* Assets.xcassets in Resources */,
				54B4A3D928047D9600F34E61 /* money.json in Resources */,
				54B4A3C4280471F700F34E61 /* Main.storyboard in Resources */,
				54B4A3D52804746D00F34E61 /* CardListCell.xib in Resources */,
				54B4A3DB280D95E800F34E61 /* GoogleService-Info.plist in Resources */,
			);
			runOnlyForDeploymentPostprocessing = 0;
		};
/* End PBXResourcesBuildPhase section */

/* Begin PBXShellScriptBuildPhase section */
		0B6E5BEC3193F3A51CA26684 /* [CP] Embed Pods Frameworks */ = {
			isa = PBXShellScriptBuildPhase;
			buildActionMask = 2147483647;
			files = (
			);
			inputFileListPaths = (
				"${PODS_ROOT}/Target Support Files/Pods-CreditCardList/Pods-CreditCardList-frameworks-${CONFIGURATION}-input-files.xcfilelist",
			);
			name = "[CP] Embed Pods Frameworks";
			outputFileListPaths = (
				"${PODS_ROOT}/Target Support Files/Pods-CreditCardList/Pods-CreditCardList-frameworks-${CONFIGURATION}-output-files.xcfilelist",
			);
			runOnlyForDeploymentPostprocessing = 0;
			shellPath = /bin/sh;
			shellScript = "\"${PODS_ROOT}/Target Support Files/Pods-CreditCardList/Pods-CreditCardList-frameworks.sh\"\n";
			showEnvVarsInLog = 0;
		};
		B5ACE278F8D9FB36DE731DCD /* [CP] Check Pods Manifest.lock */ = {
			isa = PBXShellScriptBuildPhase;
			buildActionMask = 2147483647;
			files = (
			);
			inputFileListPaths = (
			);
			inputPaths = (
				"${PODS_PODFILE_DIR_PATH}/Podfile.lock",
				"${PODS_ROOT}/Manifest.lock",
			);
			name = "[CP] Check Pods Manifest.lock";
			outputFileListPaths = (
			);
			outputPaths = (
				"$(DERIVED_FILE_DIR)/Pods-CreditCardList-checkManifestLockResult.txt",
			);
			runOnlyForDeploymentPostprocessing = 0;
			shellPath = /bin/sh;
			shellScript = "diff \"${PODS_PODFILE_DIR_PATH}/Podfile.lock\" \"${PODS_ROOT}/Manifest.lock\" > /dev/null\nif [ $? != 0 ] ; then\n    # print error to STDERR\n    echo \"error: The sandbox is not in sync with the Podfile.lock. Run 'pod install' or update your CocoaPods installation.\" >&2\n    exit 1\nfi\n# This output is used by Xcode 'outputs' to avoid re-running this script phase.\necho \"SUCCESS\" > \"${SCRIPT_OUTPUT_FILE_0}\"\n";
			showEnvVarsInLog = 0;
		};
/* End PBXShellScriptBuildPhase section */

/* Begin PBXSourcesBuildPhase section */
		54B4A3B5280471F700F34E61 /* Sources */ = {
			isa = PBXSourcesBuildPhase;
			buildActionMask = 2147483647;
			files = (
				54B4A3D12804739300F34E61 /* CreditCard.swift in Sources */,
				54B4A3D728047A4500F34E61 /* CardDetailViewController.swift in Sources */,
				54B4A3D42804746D00F34E61 /* CardListCell.swift in Sources */,
				54B4A3C1280471F700F34E61 /* CardListViewController.swift in Sources */,
				54B4A3DD280DA3D900F34E61 /* CreditCardDummy.swift in Sources */,
				54B4A3BD280471F700F34E61 /* AppDelegate.swift in Sources */,
				54B4A3BF280471F700F34E61 /* SceneDelegate.swift in Sources */,
			);
			runOnlyForDeploymentPostprocessing = 0;
		};
/* End PBXSourcesBuildPhase section */

/* Begin PBXVariantGroup section */
		54B4A3C2280471F700F34E61 /* Main.storyboard */ = {
			isa = PBXVariantGroup;
			children = (
				54B4A3C3280471F700F34E61 /* Base */,
			);
			name = Main.storyboard;
			sourceTree = "<group>";
		};
		54B4A3C7280471FB00F34E61 /* LaunchScreen.storyboard */ = {
			isa = PBXVariantGroup;
			children = (
				54B4A3C8280471FB00F34E61 /* Base */,
			);
			name = LaunchScreen.storyboard;
			sourceTree = "<group>";
		};
/* End PBXVariantGroup section */

/* Begin XCBuildConfiguration section */
		54B4A3CB280471FB00F34E61 /* Debug */ = {
			isa = XCBuildConfiguration;
			buildSettings = {
				ALWAYS_SEARCH_USER_PATHS = NO;
				CLANG_ANALYZER_NONNULL = YES;
				CLANG_ANALYZER_NUMBER_OBJECT_CONVERSION = YES_AGGRESSIVE;
				CLANG_CXX_LANGUAGE_STANDARD = "gnu++17";
				CLANG_CXX_LIBRARY = "libc++";
				CLANG_ENABLE_MODULES = YES;
				CLANG_ENABLE_OBJC_ARC = YES;
				CLANG_ENABLE_OBJC_WEAK = YES;
				CLANG_WARN_BLOCK_CAPTURE_AUTORELEASING = YES;
				CLANG_WARN_BOOL_CONVERSION = YES;
				CLANG_WARN_COMMA = YES;
				CLANG_WARN_CONSTANT_CONVERSION = YES;
				CLANG_WARN_DEPRECATED_OBJC_IMPLEMENTATIONS = YES;
				CLANG_WARN_DIRECT_OBJC_ISA_USAGE = YES_ERROR;
				CLANG_WARN_DOCUMENTATION_COMMENTS = YES;
				CLANG_WARN_EMPTY_BODY = YES;
				CLANG_WARN_ENUM_CONVERSION = YES;
				CLANG_WARN_INFINITE_RECURSION = YES;
				CLANG_WARN_INT_CONVERSION = YES;
				CLANG_WARN_NON_LITERAL_NULL_CONVERSION = YES;
				CLANG_WARN_OBJC_IMPLICIT_RETAIN_SELF = YES;
				CLANG_WARN_OBJC_LITERAL_CONVERSION = YES;
				CLANG_WARN_OBJC_ROOT_CLASS = YES_ERROR;
				CLANG_WARN_QUOTED_INCLUDE_IN_FRAMEWORK_HEADER = YES;
				CLANG_WARN_RANGE_LOOP_ANALYSIS = YES;
				CLANG_WARN_STRICT_PROTOTYPES = YES;
				CLANG_WARN_SUSPICIOUS_MOVE = YES;
				CLANG_WARN_UNGUARDED_AVAILABILITY = YES_AGGRESSIVE;
				CLANG_WARN_UNREACHABLE_CODE = YES;
				CLANG_WARN__DUPLICATE_METHOD_MATCH = YES;
				COPY_PHASE_STRIP = NO;
				DEBUG_INFORMATION_FORMAT = dwarf;
				ENABLE_STRICT_OBJC_MSGSEND = YES;
				ENABLE_TESTABILITY = YES;
				GCC_C_LANGUAGE_STANDARD = gnu11;
				GCC_DYNAMIC_NO_PIC = NO;
				GCC_NO_COMMON_BLOCKS = YES;
				GCC_OPTIMIZATION_LEVEL = 0;
				GCC_PREPROCESSOR_DEFINITIONS = (
					"DEBUG=1",
					"$(inherited)",
				);
				GCC_WARN_64_TO_32_BIT_CONVERSION = YES;
				GCC_WARN_ABOUT_RETURN_TYPE = YES_ERROR;
				GCC_WARN_UNDECLARED_SELECTOR = YES;
				GCC_WARN_UNINITIALIZED_AUTOS = YES_AGGRESSIVE;
				GCC_WARN_UNUSED_FUNCTION = YES;
				GCC_WARN_UNUSED_VARIABLE = YES;
				IPHONEOS_DEPLOYMENT_TARGET = 15.2;
				MTL_ENABLE_DEBUG_INFO = INCLUDE_SOURCE;
				MTL_FAST_MATH = YES;
				ONLY_ACTIVE_ARCH = YES;
				SDKROOT = iphoneos;
				SWIFT_ACTIVE_COMPILATION_CONDITIONS = DEBUG;
				SWIFT_OPTIMIZATION_LEVEL = "-Onone";
			};
			name = Debug;
		};
		54B4A3CC280471FB00F34E61 /* Release */ = {
			isa = XCBuildConfiguration;
			buildSettings = {
				ALWAYS_SEARCH_USER_PATHS = NO;
				CLANG_ANALYZER_NONNULL = YES;
				CLANG_ANALYZER_NUMBER_OBJECT_CONVERSION = YES_AGGRESSIVE;
				CLANG_CXX_LANGUAGE_STANDARD = "gnu++17";
				CLANG_CXX_LIBRARY = "libc++";
				CLANG_ENABLE_MODULES = YES;
				CLANG_ENABLE_OBJC_ARC = YES;
				CLANG_ENABLE_OBJC_WEAK = YES;
				CLANG_WARN_BLOCK_CAPTURE_AUTORELEASING = YES;
				CLANG_WARN_BOOL_CONVERSION = YES;
				CLANG_WARN_COMMA = YES;
				CLANG_WARN_CONSTANT_CONVERSION = YES;
				CLANG_WARN_DEPRECATED_OBJC_IMPLEMENTATIONS = YES;
				CLANG_WARN_DIRECT_OBJC_ISA_USAGE = YES_ERROR;
				CLANG_WARN_DOCUMENTATION_COMMENTS = YES;
				CLANG_WARN_EMPTY_BODY = YES;
				CLANG_WARN_ENUM_CONVERSION = YES;
				CLANG_WARN_INFINITE_RECURSION = YES;
				CLANG_WARN_INT_CONVERSION = YES;
				CLANG_WARN_NON_LITERAL_NULL_CONVERSION = YES;
				CLANG_WARN_OBJC_IMPLICIT_RETAIN_SELF = YES;
				CLANG_WARN_OBJC_LITERAL_CONVERSION = YES;
				CLANG_WARN_OBJC_ROOT_CLASS = YES_ERROR;
				CLANG_WARN_QUOTED_INCLUDE_IN_FRAMEWORK_HEADER = YES;
				CLANG_WARN_RANGE_LOOP_ANALYSIS = YES;
				CLANG_WARN_STRICT_PROTOTYPES = YES;
				CLANG_WARN_SUSPICIOUS_MOVE = YES;
				CLANG_WARN_UNGUARDED_AVAILABILITY = YES_AGGRESSIVE;
				CLANG_WARN_UNREACHABLE_CODE = YES;
				CLANG_WARN__DUPLICATE_METHOD_MATCH = YES;
				COPY_PHASE_STRIP = NO;
				DEBUG_INFORMATION_FORMAT = "dwarf-with-dsym";
				ENABLE_NS_ASSERTIONS = NO;
				ENABLE_STRICT_OBJC_MSGSEND = YES;
				GCC_C_LANGUAGE_STANDARD = gnu11;
				GCC_NO_COMMON_BLOCKS = YES;
				GCC_WARN_64_TO_32_BIT_CONVERSION = YES;
				GCC_WARN_ABOUT_RETURN_TYPE = YES_ERROR;
				GCC_WARN_UNDECLARED_SELECTOR = YES;
				GCC_WARN_UNINITIALIZED_AUTOS = YES_AGGRESSIVE;
				GCC_WARN_UNUSED_FUNCTION = YES;
				GCC_WARN_UNUSED_VARIABLE = YES;
				IPHONEOS_DEPLOYMENT_TARGET = 15.2;
				MTL_ENABLE_DEBUG_INFO = NO;
				MTL_FAST_MATH = YES;
				SDKROOT = iphoneos;
				SWIFT_COMPILATION_MODE = wholemodule;
				SWIFT_OPTIMIZATION_LEVEL = "-O";
				VALIDATE_PRODUCT = YES;
			};
			name = Release;
		};
		54B4A3CE280471FB00F34E61 /* Debug */ = {
			isa = XCBuildConfiguration;
			baseConfigurationReference = D62A0C57AF5B1443FD8DCA16 /* Pods-CreditCardList.debug.xcconfig */;
			buildSettings = {
				ASSETCATALOG_COMPILER_APPICON_NAME = AppIcon;
				ASSETCATALOG_COMPILER_GLOBAL_ACCENT_COLOR_NAME = AccentColor;
				CODE_SIGN_STYLE = Automatic;
				CURRENT_PROJECT_VERSION = 1;
				GENERATE_INFOPLIST_FILE = YES;
				INFOPLIST_FILE = CreditCardList/Info.plist;
				INFOPLIST_KEY_UIApplicationSupportsIndirectInputEvents = YES;
				INFOPLIST_KEY_UILaunchStoryboardName = LaunchScreen;
				INFOPLIST_KEY_UIMainStoryboardFile = Main;
				INFOPLIST_KEY_UISupportedInterfaceOrientations_iPad = "UIInterfaceOrientationPortrait UIInterfaceOrientationPortraitUpsideDown UIInterfaceOrientationLandscapeLeft UIInterfaceOrientationLandscapeRight";
				INFOPLIST_KEY_UISupportedInterfaceOrientations_iPhone = "UIInterfaceOrientationPortrait UIInterfaceOrientationLandscapeLeft UIInterfaceOrientationLandscapeRight";
				IPHONEOS_DEPLOYMENT_TARGET = 14.0;
				LD_RUNPATH_SEARCH_PATHS = (
					"$(inherited)",
					"@executable_path/Frameworks",
				);
				MARKETING_VERSION = 1.0;
				PRODUCT_BUNDLE_IDENTIFIER = zirit.CreditCardList;
				PRODUCT_NAME = "$(TARGET_NAME)";
				SWIFT_EMIT_LOC_STRINGS = YES;
				SWIFT_VERSION = 5.0;
				TARGETED_DEVICE_FAMILY = "1,2";
			};
			name = Debug;
		};
		54B4A3CF280471FB00F34E61 /* Release */ = {
			isa = XCBuildConfiguration;
			baseConfigurationReference = 9656BDA3E801FB07EF31C52B /* Pods-CreditCardList.release.xcconfig */;
			buildSettings = {
				ASSETCATALOG_COMPILER_APPICON_NAME = AppIcon;
				ASSETCATALOG_COMPILER_GLOBAL_ACCENT_COLOR_NAME = AccentColor;
				CODE_SIGN_STYLE = Automatic;
				CURRENT_PROJECT_VERSION = 1;
				GENERATE_INFOPLIST_FILE = YES;
				INFOPLIST_FILE = CreditCardList/Info.plist;
				INFOPLIST_KEY_UIApplicationSupportsIndirectInputEvents = YES;
				INFOPLIST_KEY_UILaunchStoryboardName = LaunchScreen;
				INFOPLIST_KEY_UIMainStoryboardFile = Main;
				INFOPLIST_KEY_UISupportedInterfaceOrientations_iPad = "UIInterfaceOrientationPortrait UIInterfaceOrientationPortraitUpsideDown UIInterfaceOrientationLandscapeLeft UIInterfaceOrientationLandscapeRight";
				INFOPLIST_KEY_UISupportedInterfaceOrientations_iPhone = "UIInterfaceOrientationPortrait UIInterfaceOrientationLandscapeLeft UIInterfaceOrientationLandscapeRight";
				IPHONEOS_DEPLOYMENT_TARGET = 14.0;
				LD_RUNPATH_SEARCH_PATHS = (
					"$(inherited)",
					"@executable_path/Frameworks",
				);
				MARKETING_VERSION = 1.0;
				PRODUCT_BUNDLE_IDENTIFIER = zirit.CreditCardList;
				PRODUCT_NAME = "$(TARGET_NAME)";
				SWIFT_EMIT_LOC_STRINGS = YES;
				SWIFT_VERSION = 5.0;
				TARGETED_DEVICE_FAMILY = "1,2";
			};
			name = Release;
		};
/* End XCBuildConfiguration section */

/* Begin XCConfigurationList section */
		54B4A3B4280471F700F34E61 /* Build configuration list for PBXProject "CreditCardList" */ = {
			isa = XCConfigurationList;
			buildConfigurations = (
				54B4A3CB280471FB00F34E61 /* Debug */,
				54B4A3CC280471FB00F34E61 /* Release */,
			);
			defaultConfigurationIsVisible = 0;
			defaultConfigurationName = Release;
		};
		54B4A3CD280471FB00F34E61 /* Build configuration list for PBXNativeTarget "CreditCardList" */ = {
			isa = XCConfigurationList;
			buildConfigurations = (
				54B4A3CE280471FB00F34E61 /* Debug */,
				54B4A3CF280471FB00F34E61 /* Release */,
			);
			defaultConfigurationIsVisible = 0;
			defaultConfigurationName = Release;
		};
/* End XCConfigurationList section */
	};
	rootObject = 54B4A3B1280471F700F34E61 /* Project object */;
}
