// !$*UTF8*$!
{
	archiveVersion = 1;
	classes = {
	};
	objectVersion = 55;
	objects = {

/* Begin PBXBuildFile section */
		542ACBC4277EEF2C00B7674C /* ArticleTableViewCell.xib in Resources */ = {isa = PBXBuildFile; fileRef = 542ACBC3277EEF2C00B7674C /* ArticleTableViewCell.xib */; };
		542ACBC6277EF32900B7674C /* ArcticleTableViewCell.swift in Sources */ = {isa = PBXBuildFile; fileRef = 542ACBC5277EF32900B7674C /* ArcticleTableViewCell.swift */; };
		542ACBC9277F0E2F00B7674C /* ArticleTableView.swift in Sources */ = {isa = PBXBuildFile; fileRef = 542ACBC8277F0E2F00B7674C /* ArticleTableView.swift */; };
		549867042779F99E00C28DCD /* AppDelegate.swift in Sources */ = {isa = PBXBuildFile; fileRef = 549867032779F99E00C28DCD /* AppDelegate.swift */; };
		549867062779F99E00C28DCD /* SceneDelegate.swift in Sources */ = {isa = PBXBuildFile; fileRef = 549867052779F99E00C28DCD /* SceneDelegate.swift */; };
		549867082779F99E00C28DCD /* ViewController.swift in Sources */ = {isa = PBXBuildFile; fileRef = 549867072779F99E00C28DCD /* ViewController.swift */; };
		5498670B2779F99E00C28DCD /* Main.storyboard in Resources */ = {isa = PBXBuildFile; fileRef = 549867092779F99E00C28DCD /* Main.storyboard */; };
		5498670D2779F9A000C28DCD /* Assets.xcassets in Resources */ = {isa = PBXBuildFile; fileRef = 5498670C2779F9A000C28DCD /* Assets.xcassets */; };
		549867102779F9A000C28DCD /* LaunchScreen.storyboard in Resources */ = {isa = PBXBuildFile; fileRef = 5498670E2779F9A000C28DCD /* LaunchScreen.storyboard */; };
		549867182779FBDF00C28DCD /* APICaller.swift in Sources */ = {isa = PBXBuildFile; fileRef = 549867172779FBDF00C28DCD /* APICaller.swift */; };
		5498671B277A048400C28DCD /* Model.swift in Sources */ = {isa = PBXBuildFile; fileRef = 5498671A277A048400C28DCD /* Model.swift */; };
		549BCD572783323700899A9F /* ArticleListViewModel.swift in Sources */ = {isa = PBXBuildFile; fileRef = 549BCD562783323700899A9F /* ArticleListViewModel.swift */; };
/* End PBXBuildFile section */

/* Begin PBXFileReference section */
		542ACBC3277EEF2C00B7674C /* ArticleTableViewCell.xib */ = {isa = PBXFileReference; lastKnownFileType = file.xib; path = ArticleTableViewCell.xib; sourceTree = "<group>"; };
		542ACBC5277EF32900B7674C /* ArcticleTableViewCell.swift */ = {isa = PBXFileReference; lastKnownFileType = sourcecode.swift; path = ArcticleTableViewCell.swift; sourceTree = "<group>"; };
		542ACBC8277F0E2F00B7674C /* ArticleTableView.swift */ = {isa = PBXFileReference; lastKnownFileType = sourcecode.swift; name = ArticleTableView.swift; path = NewsApp/Controller/ArticleTableView.swift; sourceTree = SOURCE_ROOT; };
		549867002779F99E00C28DCD /* NewsApp.app */ = {isa = PBXFileReference; explicitFileType = wrapper.application; includeInIndex = 0; path = NewsApp.app; sourceTree = BUILT_PRODUCTS_DIR; };
		549867032779F99E00C28DCD /* AppDelegate.swift */ = {isa = PBXFileReference; lastKnownFileType = sourcecode.swift; path = AppDelegate.swift; sourceTree = "<group>"; };
		549867052779F99E00C28DCD /* SceneDelegate.swift */ = {isa = PBXFileReference; lastKnownFileType = sourcecode.swift; path = SceneDelegate.swift; sourceTree = "<group>"; };
		549867072779F99E00C28DCD /* ViewController.swift */ = {isa = PBXFileReference; lastKnownFileType = sourcecode.swift; path = ViewController.swift; sourceTree = "<group>"; };
		5498670A2779F99E00C28DCD /* Base */ = {isa = PBXFileReference; lastKnownFileType = file.storyboard; name = Base; path = Base.lproj/Main.storyboard; sourceTree = "<group>"; };
		5498670C2779F9A000C28DCD /* Assets.xcassets */ = {isa = PBXFileReference; lastKnownFileType = folder.assetcatalog; path = Assets.xcassets; sourceTree = "<group>"; };
		5498670F2779F9A000C28DCD /* Base */ = {isa = PBXFileReference; lastKnownFileType = file.storyboard; name = Base; path = Base.lproj/LaunchScreen.storyboard; sourceTree = "<group>"; };
		549867112779F9A000C28DCD /* Info.plist */ = {isa = PBXFileReference; lastKnownFileType = text.plist.xml; path = Info.plist; sourceTree = "<group>"; };
		549867172779FBDF00C28DCD /* APICaller.swift */ = {isa = PBXFileReference; lastKnownFileType = sourcecode.swift; path = APICaller.swift; sourceTree = "<group>"; };
		5498671A277A048400C28DCD /* Model.swift */ = {isa = PBXFileReference; lastKnownFileType = sourcecode.swift; path = Model.swift; sourceTree = "<group>"; };
		549BCD562783323700899A9F /* ArticleListViewModel.swift */ = {isa = PBXFileReference; lastKnownFileType = sourcecode.swift; path = ArticleListViewModel.swift; sourceTree = "<group>"; };
/* End PBXFileReference section */

/* Begin PBXFrameworksBuildPhase section */
		549866FD2779F99E00C28DCD /* Frameworks */ = {
			isa = PBXFrameworksBuildPhase;
			buildActionMask = 2147483647;
			files = (
			);
			runOnlyForDeploymentPostprocessing = 0;
		};
/* End PBXFrameworksBuildPhase section */

/* Begin PBXGroup section */
		542ACBC7277EF33000B7674C /* Cells */ = {
			isa = PBXGroup;
			children = (
				542ACBC5277EF32900B7674C /* ArcticleTableViewCell.swift */,
				542ACBC3277EEF2C00B7674C /* ArticleTableViewCell.xib */,
			);
			path = Cells;
			sourceTree = "<group>";
		};
		542ACBCA277F0E3500B7674C /* Controller */ = {
			isa = PBXGroup;
			children = (
				549867072779F99E00C28DCD /* ViewController.swift */,
				542ACBC8277F0E2F00B7674C /* ArticleTableView.swift */,
			);
			path = Controller;
			sourceTree = "<group>";
		};
		549866F72779F99E00C28DCD = {
			isa = PBXGroup;
			children = (
				549867022779F99E00C28DCD /* NewsApp */,
				549867012779F99E00C28DCD /* Products */,
			);
			sourceTree = "<group>";
		};
		549867012779F99E00C28DCD /* Products */ = {
			isa = PBXGroup;
			children = (
				549867002779F99E00C28DCD /* NewsApp.app */,
			);
			name = Products;
			sourceTree = "<group>";
		};
		549867022779F99E00C28DCD /* NewsApp */ = {
			isa = PBXGroup;
			children = (
				549867192779FBE900C28DCD /* API */,
				5498671C277A048800C28DCD /* Model */,
				542ACBC7277EF33000B7674C /* Cells */,
				542ACBCA277F0E3500B7674C /* Controller */,
				549BCD582783324100899A9F /* ViewModel */,
				549867092779F99E00C28DCD /* Main.storyboard */,
				549867052779F99E00C28DCD /* SceneDelegate.swift */,
				549867032779F99E00C28DCD /* AppDelegate.swift */,
				5498670C2779F9A000C28DCD /* Assets.xcassets */,
				5498670E2779F9A000C28DCD /* LaunchScreen.storyboard */,
				549867112779F9A000C28DCD /* Info.plist */,
			);
			path = NewsApp;
			sourceTree = "<group>";
		};
		549867192779FBE900C28DCD /* API */ = {
			isa = PBXGroup;
			children = (
				549867172779FBDF00C28DCD /* APICaller.swift */,
			);
			path = API;
			sourceTree = "<group>";
		};
		5498671C277A048800C28DCD /* Model */ = {
			isa = PBXGroup;
			children = (
				5498671A277A048400C28DCD /* Model.swift */,
			);
			path = Model;
			sourceTree = "<group>";
		};
		549BCD582783324100899A9F /* ViewModel */ = {
			isa = PBXGroup;
			children = (
				549BCD562783323700899A9F /* ArticleListViewModel.swift */,
			);
			path = ViewModel;
			sourceTree = "<group>";
		};
/* End PBXGroup section */

/* Begin PBXNativeTarget section */
		549866FF2779F99E00C28DCD /* NewsApp */ = {
			isa = PBXNativeTarget;
			buildConfigurationList = 549867142779F9A000C28DCD /* Build configuration list for PBXNativeTarget "NewsApp" */;
			buildPhases = (
				549866FC2779F99E00C28DCD /* Sources */,
				549866FD2779F99E00C28DCD /* Frameworks */,
				549866FE2779F99E00C28DCD /* Resources */,
			);
			buildRules = (
			);
			dependencies = (
			);
			name = NewsApp;
			productName = NewsApp;
			productReference = 549867002779F99E00C28DCD /* NewsApp.app */;
			productType = "com.apple.product-type.application";
		};
/* End PBXNativeTarget section */

/* Begin PBXProject section */
		549866F82779F99E00C28DCD /* Project object */ = {
			isa = PBXProject;
			attributes = {
				BuildIndependentTargetsInParallel = 1;
				LastSwiftUpdateCheck = 1320;
				LastUpgradeCheck = 1320;
				TargetAttributes = {
					549866FF2779F99E00C28DCD = {
						CreatedOnToolsVersion = 13.2.1;
					};
				};
			};
			buildConfigurationList = 549866FB2779F99E00C28DCD /* Build configuration list for PBXProject "NewsApp" */;
			compatibilityVersion = "Xcode 13.0";
			developmentRegion = en;
			hasScannedForEncodings = 0;
			knownRegions = (
				en,
				Base,
			);
			mainGroup = 549866F72779F99E00C28DCD;
			productRefGroup = 549867012779F99E00C28DCD /* Products */;
			projectDirPath = "";
			projectRoot = "";
			targets = (
				549866FF2779F99E00C28DCD /* NewsApp */,
			);
		};
/* End PBXProject section */

/* Begin PBXResourcesBuildPhase section */
		549866FE2779F99E00C28DCD /* Resources */ = {
			isa = PBXResourcesBuildPhase;
			buildActionMask = 2147483647;
			files = (
				542ACBC4277EEF2C00B7674C /* ArticleTableViewCell.xib in Resources */,
				549867102779F9A000C28DCD /* LaunchScreen.storyboard in Resources */,
				5498670D2779F9A000C28DCD /* Assets.xcassets in Resources */,
				5498670B2779F99E00C28DCD /* Main.storyboard in Resources */,
			);
			runOnlyForDeploymentPostprocessing = 0;
		};
/* End PBXResourcesBuildPhase section */

/* Begin PBXSourcesBuildPhase section */
		549866FC2779F99E00C28DCD /* Sources */ = {
			isa = PBXSourcesBuildPhase;
			buildActionMask = 2147483647;
			files = (
				542ACBC9277F0E2F00B7674C /* ArticleTableView.swift in Sources */,
				549BCD572783323700899A9F /* ArticleListViewModel.swift in Sources */,
				5498671B277A048400C28DCD /* Model.swift in Sources */,
				549867082779F99E00C28DCD /* ViewController.swift in Sources */,
				549867042779F99E00C28DCD /* AppDelegate.swift in Sources */,
				549867062779F99E00C28DCD /* SceneDelegate.swift in Sources */,
				542ACBC6277EF32900B7674C /* ArcticleTableViewCell.swift in Sources */,
				549867182779FBDF00C28DCD /* APICaller.swift in Sources */,
			);
			runOnlyForDeploymentPostprocessing = 0;
		};
/* End PBXSourcesBuildPhase section */

/* Begin PBXVariantGroup section */
		549867092779F99E00C28DCD /* Main.storyboard */ = {
			isa = PBXVariantGroup;
			children = (
				5498670A2779F99E00C28DCD /* Base */,
			);
			name = Main.storyboard;
			sourceTree = "<group>";
		};
		5498670E2779F9A000C28DCD /* LaunchScreen.storyboard */ = {
			isa = PBXVariantGroup;
			children = (
				5498670F2779F9A000C28DCD /* Base */,
			);
			name = LaunchScreen.storyboard;
			sourceTree = "<group>";
		};
/* End PBXVariantGroup section */

/* Begin XCBuildConfiguration section */
		549867122779F9A000C28DCD /* Debug */ = {
			isa = XCBuildConfiguration;
			buildSettings = {
				ALWAYS_SEARCH_USER_PATHS = NO;
				CLANG_ANALYZER_NONNULL = YES;
				CLANG_ANALYZER_NUMBER_OBJECT_CONVERSION = YES_AGGRESSIVE;
				CLANG_CXX_LANGUAGE_STANDARD = "gnu++17";
				CLANG_CXX_LIBRARY = "libc++";
				CLANG_ENABLE_MODULES = YES;
				CLANG_ENABLE_OBJC_ARC = YES;
				CLANG_ENABLE_OBJC_WEAK = YES;
				CLANG_WARN_BLOCK_CAPTURE_AUTORELEASING = YES;
				CLANG_WARN_BOOL_CONVERSION = YES;
				CLANG_WARN_COMMA = YES;
				CLANG_WARN_CONSTANT_CONVERSION = YES;
				CLANG_WARN_DEPRECATED_OBJC_IMPLEMENTATIONS = YES;
				CLANG_WARN_DIRECT_OBJC_ISA_USAGE = YES_ERROR;
				CLANG_WARN_DOCUMENTATION_COMMENTS = YES;
				CLANG_WARN_EMPTY_BODY = YES;
				CLANG_WARN_ENUM_CONVERSION = YES;
				CLANG_WARN_INFINITE_RECURSION = YES;
				CLANG_WARN_INT_CONVERSION = YES;
				CLANG_WARN_NON_LITERAL_NULL_CONVERSION = YES;
				CLANG_WARN_OBJC_IMPLICIT_RETAIN_SELF = YES;
				CLANG_WARN_OBJC_LITERAL_CONVERSION = YES;
				CLANG_WARN_OBJC_ROOT_CLASS = YES_ERROR;
				CLANG_WARN_QUOTED_INCLUDE_IN_FRAMEWORK_HEADER = YES;
				CLANG_WARN_RANGE_LOOP_ANALYSIS = YES;
				CLANG_WARN_STRICT_PROTOTYPES = YES;
				CLANG_WARN_SUSPICIOUS_MOVE = YES;
				CLANG_WARN_UNGUARDED_AVAILABILITY = YES_AGGRESSIVE;
				CLANG_WARN_UNREACHABLE_CODE = YES;
				CLANG_WARN__DUPLICATE_METHOD_MATCH = YES;
				COPY_PHASE_STRIP = NO;
				DEBUG_INFORMATION_FORMAT = dwarf;
				ENABLE_STRICT_OBJC_MSGSEND = YES;
				ENABLE_TESTABILITY = YES;
				GCC_C_LANGUAGE_STANDARD = gnu11;
				GCC_DYNAMIC_NO_PIC = NO;
				GCC_NO_COMMON_BLOCKS = YES;
				GCC_OPTIMIZATION_LEVEL = 0;
				GCC_PREPROCESSOR_DEFINITIONS = (
					"DEBUG=1",
					"$(inherited)",
				);
				GCC_WARN_64_TO_32_BIT_CONVERSION = YES;
				GCC_WARN_ABOUT_RETURN_TYPE = YES_ERROR;
				GCC_WARN_UNDECLARED_SELECTOR = YES;
				GCC_WARN_UNINITIALIZED_AUTOS = YES_AGGRESSIVE;
				GCC_WARN_UNUSED_FUNCTION = YES;
				GCC_WARN_UNUSED_VARIABLE = YES;
				IPHONEOS_DEPLOYMENT_TARGET = 15.2;
				MTL_ENABLE_DEBUG_INFO = INCLUDE_SOURCE;
				MTL_FAST_MATH = YES;
				ONLY_ACTIVE_ARCH = YES;
				SDKROOT = iphoneos;
				SWIFT_ACTIVE_COMPILATION_CONDITIONS = DEBUG;
				SWIFT_OPTIMIZATION_LEVEL = "-Onone";
			};
			name = Debug;
		};
		549867132779F9A000C28DCD /* Release */ = {
			isa = XCBuildConfiguration;
			buildSettings = {
				ALWAYS_SEARCH_USER_PATHS = NO;
				CLANG_ANALYZER_NONNULL = YES;
				CLANG_ANALYZER_NUMBER_OBJECT_CONVERSION = YES_AGGRESSIVE;
				CLANG_CXX_LANGUAGE_STANDARD = "gnu++17";
				CLANG_CXX_LIBRARY = "libc++";
				CLANG_ENABLE_MODULES = YES;
				CLANG_ENABLE_OBJC_ARC = YES;
				CLANG_ENABLE_OBJC_WEAK = YES;
				CLANG_WARN_BLOCK_CAPTURE_AUTORELEASING = YES;
				CLANG_WARN_BOOL_CONVERSION = YES;
				CLANG_WARN_COMMA = YES;
				CLANG_WARN_CONSTANT_CONVERSION = YES;
				CLANG_WARN_DEPRECATED_OBJC_IMPLEMENTATIONS = YES;
				CLANG_WARN_DIRECT_OBJC_ISA_USAGE = YES_ERROR;
				CLANG_WARN_DOCUMENTATION_COMMENTS = YES;
				CLANG_WARN_EMPTY_BODY = YES;
				CLANG_WARN_ENUM_CONVERSION = YES;
				CLANG_WARN_INFINITE_RECURSION = YES;
				CLANG_WARN_INT_CONVERSION = YES;
				CLANG_WARN_NON_LITERAL_NULL_CONVERSION = YES;
				CLANG_WARN_OBJC_IMPLICIT_RETAIN_SELF = YES;
				CLANG_WARN_OBJC_LITERAL_CONVERSION = YES;
				CLANG_WARN_OBJC_ROOT_CLASS = YES_ERROR;
				CLANG_WARN_QUOTED_INCLUDE_IN_FRAMEWORK_HEADER = YES;
				CLANG_WARN_RANGE_LOOP_ANALYSIS = YES;
				CLANG_WARN_STRICT_PROTOTYPES = YES;
				CLANG_WARN_SUSPICIOUS_MOVE = YES;
				CLANG_WARN_UNGUARDED_AVAILABILITY = YES_AGGRESSIVE;
				CLANG_WARN_UNREACHABLE_CODE = YES;
				CLANG_WARN__DUPLICATE_METHOD_MATCH = YES;
				COPY_PHASE_STRIP = NO;
				DEBUG_INFORMATION_FORMAT = "dwarf-with-dsym";
				ENABLE_NS_ASSERTIONS = NO;
				ENABLE_STRICT_OBJC_MSGSEND = YES;
				GCC_C_LANGUAGE_STANDARD = gnu11;
				GCC_NO_COMMON_BLOCKS = YES;
				GCC_WARN_64_TO_32_BIT_CONVERSION = YES;
				GCC_WARN_ABOUT_RETURN_TYPE = YES_ERROR;
				GCC_WARN_UNDECLARED_SELECTOR = YES;
				GCC_WARN_UNINITIALIZED_AUTOS = YES_AGGRESSIVE;
				GCC_WARN_UNUSED_FUNCTION = YES;
				GCC_WARN_UNUSED_VARIABLE = YES;
				IPHONEOS_DEPLOYMENT_TARGET = 15.2;
				MTL_ENABLE_DEBUG_INFO = NO;
				MTL_FAST_MATH = YES;
				SDKROOT = iphoneos;
				SWIFT_COMPILATION_MODE = wholemodule;
				SWIFT_OPTIMIZATION_LEVEL = "-O";
				VALIDATE_PRODUCT = YES;
			};
			name = Release;
		};
		549867152779F9A000C28DCD /* Debug */ = {
			isa = XCBuildConfiguration;
			buildSettings = {
				ASSETCATALOG_COMPILER_APPICON_NAME = AppIcon;
				ASSETCATALOG_COMPILER_GLOBAL_ACCENT_COLOR_NAME = AccentColor;
				CODE_SIGN_STYLE = Automatic;
				CURRENT_PROJECT_VERSION = 1;
				GENERATE_INFOPLIST_FILE = YES;
				INFOPLIST_FILE = NewsApp/Info.plist;
				INFOPLIST_KEY_UIApplicationSupportsIndirectInputEvents = YES;
				INFOPLIST_KEY_UILaunchStoryboardName = LaunchScreen;
				INFOPLIST_KEY_UIMainStoryboardFile = Main;
				INFOPLIST_KEY_UISupportedInterfaceOrientations_iPad = "UIInterfaceOrientationPortrait UIInterfaceOrientationPortraitUpsideDown UIInterfaceOrientationLandscapeLeft UIInterfaceOrientationLandscapeRight";
				INFOPLIST_KEY_UISupportedInterfaceOrientations_iPhone = "UIInterfaceOrientationPortrait UIInterfaceOrientationLandscapeLeft UIInterfaceOrientationLandscapeRight";
				LD_RUNPATH_SEARCH_PATHS = (
					"$(inherited)",
					"@executable_path/Frameworks",
				);
				MARKETING_VERSION = 1.0;
				PRODUCT_BUNDLE_IDENTIFIER = zirit.NewsApp;
				PRODUCT_NAME = "$(TARGET_NAME)";
				SWIFT_EMIT_LOC_STRINGS = YES;
				SWIFT_VERSION = 5.0;
				TARGETED_DEVICE_FAMILY = "1,2";
			};
			name = Debug;
		};
		549867162779F9A000C28DCD /* Release */ = {
			isa = XCBuildConfiguration;
			buildSettings = {
				ASSETCATALOG_COMPILER_APPICON_NAME = AppIcon;
				ASSETCATALOG_COMPILER_GLOBAL_ACCENT_COLOR_NAME = AccentColor;
				CODE_SIGN_STYLE = Automatic;
				CURRENT_PROJECT_VERSION = 1;
				GENERATE_INFOPLIST_FILE = YES;
				INFOPLIST_FILE = NewsApp/Info.plist;
				INFOPLIST_KEY_UIApplicationSupportsIndirectInputEvents = YES;
				INFOPLIST_KEY_UILaunchStoryboardName = LaunchScreen;
				INFOPLIST_KEY_UIMainStoryboardFile = Main;
				INFOPLIST_KEY_UISupportedInterfaceOrientations_iPad = "UIInterfaceOrientationPortrait UIInterfaceOrientationPortraitUpsideDown UIInterfaceOrientationLandscapeLeft UIInterfaceOrientationLandscapeRight";
				INFOPLIST_KEY_UISupportedInterfaceOrientations_iPhone = "UIInterfaceOrientationPortrait UIInterfaceOrientationLandscapeLeft UIInterfaceOrientationLandscapeRight";
				LD_RUNPATH_SEARCH_PATHS = (
					"$(inherited)",
					"@executable_path/Frameworks",
				);
				MARKETING_VERSION = 1.0;
				PRODUCT_BUNDLE_IDENTIFIER = zirit.NewsApp;
				PRODUCT_NAME = "$(TARGET_NAME)";
				SWIFT_EMIT_LOC_STRINGS = YES;
				SWIFT_VERSION = 5.0;
				TARGETED_DEVICE_FAMILY = "1,2";
			};
			name = Release;
		};
/* End XCBuildConfiguration section */

/* Begin XCConfigurationList section */
		549866FB2779F99E00C28DCD /* Build configuration list for PBXProject "NewsApp" */ = {
			isa = XCConfigurationList;
			buildConfigurations = (
				549867122779F9A000C28DCD /* Debug */,
				549867132779F9A000C28DCD /* Release */,
			);
			defaultConfigurationIsVisible = 0;
			defaultConfigurationName = Release;
		};
		549867142779F9A000C28DCD /* Build configuration list for PBXNativeTarget "NewsApp" */ = {
			isa = XCConfigurationList;
			buildConfigurations = (
				549867152779F9A000C28DCD /* Debug */,
				549867162779F9A000C28DCD /* Release */,
			);
			defaultConfigurationIsVisible = 0;
			defaultConfigurationName = Release;
		};
/* End XCConfigurationList section */
	};
	rootObject = 549866F82779F99E00C28DCD /* Project object */;
}
