// !$*UTF8*$!
{
	archiveVersion = 1;
	classes = {
	};
	objectVersion = 55;
	objects = {

/* Begin PBXBuildFile section */
		54ABE8BD2858C932007DA793 /* AppDelegate.swift in Sources */ = {isa = PBXBuildFile; fileRef = 54ABE8BC2858C932007DA793 /* AppDelegate.swift */; };
		54ABE8BF2858C932007DA793 /* SceneDelegate.swift in Sources */ = {isa = PBXBuildFile; fileRef = 54ABE8BE2858C932007DA793 /* SceneDelegate.swift */; };
		54ABE8C12858C932007DA793 /* ViewController.swift in Sources */ = {isa = PBXBuildFile; fileRef = 54ABE8C02858C932007DA793 /* ViewController.swift */; };
		54ABE8C42858C932007DA793 /* Main.storyboard in Resources */ = {isa = PBXBuildFile; fileRef = 54ABE8C22858C932007DA793 /* Main.storyboard */; };
		54ABE8C72858C932007DA793 /* CoreDataTodoList.xcdatamodeld in Sources */ = {isa = PBXBuildFile; fileRef = 54ABE8C52858C932007DA793 /* CoreDataTodoList.xcdatamodeld */; };
		54ABE8C92858C935007DA793 /* Assets.xcassets in Resources */ = {isa = PBXBuildFile; fileRef = 54ABE8C82858C935007DA793 /* Assets.xcassets */; };
		54ABE8CC2858C935007DA793 /* LaunchScreen.storyboard in Resources */ = {isa = PBXBuildFile; fileRef = 54ABE8CA2858C935007DA793 /* LaunchScreen.storyboard */; };
		54ABE8D52858CA43007DA793 /* ToDoListItem+CoreDataClass.swift in Sources */ = {isa = PBXBuildFile; fileRef = 54ABE8D32858CA43007DA793 /* ToDoListItem+CoreDataClass.swift */; };
		54ABE8D62858CA43007DA793 /* ToDoListItem+CoreDataProperties.swift in Sources */ = {isa = PBXBuildFile; fileRef = 54ABE8D42858CA43007DA793 /* ToDoListItem+CoreDataProperties.swift */; };
/* End PBXBuildFile section */

/* Begin PBXFileReference section */
		54ABE8B92858C932007DA793 /* CoreDataTodoList.app */ = {isa = PBXFileReference; explicitFileType = wrapper.application; includeInIndex = 0; path = CoreDataTodoList.app; sourceTree = BUILT_PRODUCTS_DIR; };
		54ABE8BC2858C932007DA793 /* AppDelegate.swift */ = {isa = PBXFileReference; lastKnownFileType = sourcecode.swift; path = AppDelegate.swift; sourceTree = "<group>"; };
		54ABE8BE2858C932007DA793 /* SceneDelegate.swift */ = {isa = PBXFileReference; lastKnownFileType = sourcecode.swift; path = SceneDelegate.swift; sourceTree = "<group>"; };
		54ABE8C02858C932007DA793 /* ViewController.swift */ = {isa = PBXFileReference; lastKnownFileType = sourcecode.swift; path = ViewController.swift; sourceTree = "<group>"; };
		54ABE8C32858C932007DA793 /* Base */ = {isa = PBXFileReference; lastKnownFileType = file.storyboard; name = Base; path = Base.lproj/Main.storyboard; sourceTree = "<group>"; };
		54ABE8C62858C932007DA793 /* CoreDataTodoList.xcdatamodel */ = {isa = PBXFileReference; lastKnownFileType = wrapper.xcdatamodel; path = CoreDataTodoList.xcdatamodel; sourceTree = "<group>"; };
		54ABE8C82858C935007DA793 /* Assets.xcassets */ = {isa = PBXFileReference; lastKnownFileType = folder.assetcatalog; path = Assets.xcassets; sourceTree = "<group>"; };
		54ABE8CB2858C935007DA793 /* Base */ = {isa = PBXFileReference; lastKnownFileType = file.storyboard; name = Base; path = Base.lproj/LaunchScreen.storyboard; sourceTree = "<group>"; };
		54ABE8CD2858C935007DA793 /* Info.plist */ = {isa = PBXFileReference; lastKnownFileType = text.plist.xml; path = Info.plist; sourceTree = "<group>"; };
		54ABE8D32858CA43007DA793 /* ToDoListItem+CoreDataClass.swift */ = {isa = PBXFileReference; lastKnownFileType = sourcecode.swift; path = "ToDoListItem+CoreDataClass.swift"; sourceTree = "<group>"; };
		54ABE8D42858CA43007DA793 /* ToDoListItem+CoreDataProperties.swift */ = {isa = PBXFileReference; lastKnownFileType = sourcecode.swift; path = "ToDoListItem+CoreDataProperties.swift"; sourceTree = "<group>"; };
/* End PBXFileReference section */

/* Begin PBXFrameworksBuildPhase section */
		54ABE8B62858C932007DA793 /* Frameworks */ = {
			isa = PBXFrameworksBuildPhase;
			buildActionMask = 2147483647;
			files = (
			);
			runOnlyForDeploymentPostprocessing = 0;
		};
/* End PBXFrameworksBuildPhase section */

/* Begin PBXGroup section */
		54ABE8B02858C932007DA793 = {
			isa = PBXGroup;
			children = (
				54ABE8BB2858C932007DA793 /* CoreDataTodoList */,
				54ABE8BA2858C932007DA793 /* Products */,
			);
			sourceTree = "<group>";
		};
		54ABE8BA2858C932007DA793 /* Products */ = {
			isa = PBXGroup;
			children = (
				54ABE8B92858C932007DA793 /* CoreDataTodoList.app */,
			);
			name = Products;
			sourceTree = "<group>";
		};
		54ABE8BB2858C932007DA793 /* CoreDataTodoList */ = {
			isa = PBXGroup;
			children = (
				54ABE8D72858CA5B007DA793 /* ToDoListItem */,
				54ABE8BC2858C932007DA793 /* AppDelegate.swift */,
				54ABE8BE2858C932007DA793 /* SceneDelegate.swift */,
				54ABE8C02858C932007DA793 /* ViewController.swift */,
				54ABE8C22858C932007DA793 /* Main.storyboard */,
				54ABE8C82858C935007DA793 /* Assets.xcassets */,
				54ABE8CA2858C935007DA793 /* LaunchScreen.storyboard */,
				54ABE8CD2858C935007DA793 /* Info.plist */,
				54ABE8C52858C932007DA793 /* CoreDataTodoList.xcdatamodeld */,
			);
			path = CoreDataTodoList;
			sourceTree = "<group>";
		};
		54ABE8D72858CA5B007DA793 /* ToDoListItem */ = {
			isa = PBXGroup;
			children = (
				54ABE8D32858CA43007DA793 /* ToDoListItem+CoreDataClass.swift */,
				54ABE8D42858CA43007DA793 /* ToDoListItem+CoreDataProperties.swift */,
			);
			path = ToDoListItem;
			sourceTree = "<group>";
		};
/* End PBXGroup section */

/* Begin PBXNativeTarget section */
		54ABE8B82858C932007DA793 /* CoreDataTodoList */ = {
			isa = PBXNativeTarget;
			buildConfigurationList = 54ABE8D02858C935007DA793 /* Build configuration list for PBXNativeTarget "CoreDataTodoList" */;
			buildPhases = (
				54ABE8B52858C932007DA793 /* Sources */,
				54ABE8B62858C932007DA793 /* Frameworks */,
				54ABE8B72858C932007DA793 /* Resources */,
			);
			buildRules = (
			);
			dependencies = (
			);
			name = CoreDataTodoList;
			productName = CoreDataTodoList;
			productReference = 54ABE8B92858C932007DA793 /* CoreDataTodoList.app */;
			productType = "com.apple.product-type.application";
		};
/* End PBXNativeTarget section */

/* Begin PBXProject section */
		54ABE8B12858C932007DA793 /* Project object */ = {
			isa = PBXProject;
			attributes = {
				BuildIndependentTargetsInParallel = 1;
				LastSwiftUpdateCheck = 1320;
				LastUpgradeCheck = 1320;
				TargetAttributes = {
					54ABE8B82858C932007DA793 = {
						CreatedOnToolsVersion = 13.2.1;
					};
				};
			};
			buildConfigurationList = 54ABE8B42858C932007DA793 /* Build configuration list for PBXProject "CoreDataTodoList" */;
			compatibilityVersion = "Xcode 13.0";
			developmentRegion = en;
			hasScannedForEncodings = 0;
			knownRegions = (
				en,
				Base,
			);
			mainGroup = 54ABE8B02858C932007DA793;
			productRefGroup = 54ABE8BA2858C932007DA793 /* Products */;
			projectDirPath = "";
			projectRoot = "";
			targets = (
				54ABE8B82858C932007DA793 /* CoreDataTodoList */,
			);
		};
/* End PBXProject section */

/* Begin PBXResourcesBuildPhase section */
		54ABE8B72858C932007DA793 /* Resources */ = {
			isa = PBXResourcesBuildPhase;
			buildActionMask = 2147483647;
			files = (
				54ABE8CC2858C935007DA793 /* LaunchScreen.storyboard in Resources */,
				54ABE8C92858C935007DA793 /* Assets.xcassets in Resources */,
				54ABE8C42858C932007DA793 /* Main.storyboard in Resources */,
			);
			runOnlyForDeploymentPostprocessing = 0;
		};
/* End PBXResourcesBuildPhase section */

/* Begin PBXSourcesBuildPhase section */
		54ABE8B52858C932007DA793 /* Sources */ = {
			isa = PBXSourcesBuildPhase;
			buildActionMask = 2147483647;
			files = (
				54ABE8C12858C932007DA793 /* ViewController.swift in Sources */,
				54ABE8BD2858C932007DA793 /* AppDelegate.swift in Sources */,
				54ABE8C72858C932007DA793 /* CoreDataTodoList.xcdatamodeld in Sources */,
				54ABE8D52858CA43007DA793 /* ToDoListItem+CoreDataClass.swift in Sources */,
				54ABE8D62858CA43007DA793 /* ToDoListItem+CoreDataProperties.swift in Sources */,
				54ABE8BF2858C932007DA793 /* SceneDelegate.swift in Sources */,
			);
			runOnlyForDeploymentPostprocessing = 0;
		};
/* End PBXSourcesBuildPhase section */

/* Begin PBXVariantGroup section */
		54ABE8C22858C932007DA793 /* Main.storyboard */ = {
			isa = PBXVariantGroup;
			children = (
				54ABE8C32858C932007DA793 /* Base */,
			);
			name = Main.storyboard;
			sourceTree = "<group>";
		};
		54ABE8CA2858C935007DA793 /* LaunchScreen.storyboard */ = {
			isa = PBXVariantGroup;
			children = (
				54ABE8CB2858C935007DA793 /* Base */,
			);
			name = LaunchScreen.storyboard;
			sourceTree = "<group>";
		};
/* End PBXVariantGroup section */

/* Begin XCBuildConfiguration section */
		54ABE8CE2858C935007DA793 /* Debug */ = {
			isa = XCBuildConfiguration;
			buildSettings = {
				ALWAYS_SEARCH_USER_PATHS = NO;
				CLANG_ANALYZER_NONNULL = YES;
				CLANG_ANALYZER_NUMBER_OBJECT_CONVERSION = YES_AGGRESSIVE;
				CLANG_CXX_LANGUAGE_STANDARD = "gnu++17";
				CLANG_CXX_LIBRARY = "libc++";
				CLANG_ENABLE_MODULES = YES;
				CLANG_ENABLE_OBJC_ARC = YES;
				CLANG_ENABLE_OBJC_WEAK = YES;
				CLANG_WARN_BLOCK_CAPTURE_AUTORELEASING = YES;
				CLANG_WARN_BOOL_CONVERSION = YES;
				CLANG_WARN_COMMA = YES;
				CLANG_WARN_CONSTANT_CONVERSION = YES;
				CLANG_WARN_DEPRECATED_OBJC_IMPLEMENTATIONS = YES;
				CLANG_WARN_DIRECT_OBJC_ISA_USAGE = YES_ERROR;
				CLANG_WARN_DOCUMENTATION_COMMENTS = YES;
				CLANG_WARN_EMPTY_BODY = YES;
				CLANG_WARN_ENUM_CONVERSION = YES;
				CLANG_WARN_INFINITE_RECURSION = YES;
				CLANG_WARN_INT_CONVERSION = YES;
				CLANG_WARN_NON_LITERAL_NULL_CONVERSION = YES;
				CLANG_WARN_OBJC_IMPLICIT_RETAIN_SELF = YES;
				CLANG_WARN_OBJC_LITERAL_CONVERSION = YES;
				CLANG_WARN_OBJC_ROOT_CLASS = YES_ERROR;
				CLANG_WARN_QUOTED_INCLUDE_IN_FRAMEWORK_HEADER = YES;
				CLANG_WARN_RANGE_LOOP_ANALYSIS = YES;
				CLANG_WARN_STRICT_PROTOTYPES = YES;
				CLANG_WARN_SUSPICIOUS_MOVE = YES;
				CLANG_WARN_UNGUARDED_AVAILABILITY = YES_AGGRESSIVE;
				CLANG_WARN_UNREACHABLE_CODE = YES;
				CLANG_WARN__DUPLICATE_METHOD_MATCH = YES;
				COPY_PHASE_STRIP = NO;
				DEBUG_INFORMATION_FORMAT = dwarf;
				ENABLE_STRICT_OBJC_MSGSEND = YES;
				ENABLE_TESTABILITY = YES;
				GCC_C_LANGUAGE_STANDARD = gnu11;
				GCC_DYNAMIC_NO_PIC = NO;
				GCC_NO_COMMON_BLOCKS = YES;
				GCC_OPTIMIZATION_LEVEL = 0;
				GCC_PREPROCESSOR_DEFINITIONS = (
					"DEBUG=1",
					"$(inherited)",
				);
				GCC_WARN_64_TO_32_BIT_CONVERSION = YES;
				GCC_WARN_ABOUT_RETURN_TYPE = YES_ERROR;
				GCC_WARN_UNDECLARED_SELECTOR = YES;
				GCC_WARN_UNINITIALIZED_AUTOS = YES_AGGRESSIVE;
				GCC_WARN_UNUSED_FUNCTION = YES;
				GCC_WARN_UNUSED_VARIABLE = YES;
				IPHONEOS_DEPLOYMENT_TARGET = 15.2;
				MTL_ENABLE_DEBUG_INFO = INCLUDE_SOURCE;
				MTL_FAST_MATH = YES;
				ONLY_ACTIVE_ARCH = YES;
				SDKROOT = iphoneos;
				SWIFT_ACTIVE_COMPILATION_CONDITIONS = DEBUG;
				SWIFT_OPTIMIZATION_LEVEL = "-Onone";
			};
			name = Debug;
		};
		54ABE8CF2858C935007DA793 /* Release */ = {
			isa = XCBuildConfiguration;
			buildSettings = {
				ALWAYS_SEARCH_USER_PATHS = NO;
				CLANG_ANALYZER_NONNULL = YES;
				CLANG_ANALYZER_NUMBER_OBJECT_CONVERSION = YES_AGGRESSIVE;
				CLANG_CXX_LANGUAGE_STANDARD = "gnu++17";
				CLANG_CXX_LIBRARY = "libc++";
				CLANG_ENABLE_MODULES = YES;
				CLANG_ENABLE_OBJC_ARC = YES;
				CLANG_ENABLE_OBJC_WEAK = YES;
				CLANG_WARN_BLOCK_CAPTURE_AUTORELEASING = YES;
				CLANG_WARN_BOOL_CONVERSION = YES;
				CLANG_WARN_COMMA = YES;
				CLANG_WARN_CONSTANT_CONVERSION = YES;
				CLANG_WARN_DEPRECATED_OBJC_IMPLEMENTATIONS = YES;
				CLANG_WARN_DIRECT_OBJC_ISA_USAGE = YES_ERROR;
				CLANG_WARN_DOCUMENTATION_COMMENTS = YES;
				CLANG_WARN_EMPTY_BODY = YES;
				CLANG_WARN_ENUM_CONVERSION = YES;
				CLANG_WARN_INFINITE_RECURSION = YES;
				CLANG_WARN_INT_CONVERSION = YES;
				CLANG_WARN_NON_LITERAL_NULL_CONVERSION = YES;
				CLANG_WARN_OBJC_IMPLICIT_RETAIN_SELF = YES;
				CLANG_WARN_OBJC_LITERAL_CONVERSION = YES;
				CLANG_WARN_OBJC_ROOT_CLASS = YES_ERROR;
				CLANG_WARN_QUOTED_INCLUDE_IN_FRAMEWORK_HEADER = YES;
				CLANG_WARN_RANGE_LOOP_ANALYSIS = YES;
				CLANG_WARN_STRICT_PROTOTYPES = YES;
				CLANG_WARN_SUSPICIOUS_MOVE = YES;
				CLANG_WARN_UNGUARDED_AVAILABILITY = YES_AGGRESSIVE;
				CLANG_WARN_UNREACHABLE_CODE = YES;
				CLANG_WARN__DUPLICATE_METHOD_MATCH = YES;
				COPY_PHASE_STRIP = NO;
				DEBUG_INFORMATION_FORMAT = "dwarf-with-dsym";
				ENABLE_NS_ASSERTIONS = NO;
				ENABLE_STRICT_OBJC_MSGSEND = YES;
				GCC_C_LANGUAGE_STANDARD = gnu11;
				GCC_NO_COMMON_BLOCKS = YES;
				GCC_WARN_64_TO_32_BIT_CONVERSION = YES;
				GCC_WARN_ABOUT_RETURN_TYPE = YES_ERROR;
				GCC_WARN_UNDECLARED_SELECTOR = YES;
				GCC_WARN_UNINITIALIZED_AUTOS = YES_AGGRESSIVE;
				GCC_WARN_UNUSED_FUNCTION = YES;
				GCC_WARN_UNUSED_VARIABLE = YES;
				IPHONEOS_DEPLOYMENT_TARGET = 15.2;
				MTL_ENABLE_DEBUG_INFO = NO;
				MTL_FAST_MATH = YES;
				SDKROOT = iphoneos;
				SWIFT_COMPILATION_MODE = wholemodule;
				SWIFT_OPTIMIZATION_LEVEL = "-O";
				VALIDATE_PRODUCT = YES;
			};
			name = Release;
		};
		54ABE8D12858C935007DA793 /* Debug */ = {
			isa = XCBuildConfiguration;
			buildSettings = {
				ASSETCATALOG_COMPILER_APPICON_NAME = AppIcon;
				ASSETCATALOG_COMPILER_GLOBAL_ACCENT_COLOR_NAME = AccentColor;
				CODE_SIGN_STYLE = Automatic;
				CURRENT_PROJECT_VERSION = 1;
				GENERATE_INFOPLIST_FILE = YES;
				INFOPLIST_FILE = CoreDataTodoList/Info.plist;
				INFOPLIST_KEY_UIApplicationSupportsIndirectInputEvents = YES;
				INFOPLIST_KEY_UILaunchStoryboardName = LaunchScreen;
				INFOPLIST_KEY_UIMainStoryboardFile = Main;
				INFOPLIST_KEY_UISupportedInterfaceOrientations_iPad = "UIInterfaceOrientationPortrait UIInterfaceOrientationPortraitUpsideDown UIInterfaceOrientationLandscapeLeft UIInterfaceOrientationLandscapeRight";
				INFOPLIST_KEY_UISupportedInterfaceOrientations_iPhone = "UIInterfaceOrientationPortrait UIInterfaceOrientationLandscapeLeft UIInterfaceOrientationLandscapeRight";
				LD_RUNPATH_SEARCH_PATHS = (
					"$(inherited)",
					"@executable_path/Frameworks",
				);
				MARKETING_VERSION = 1.0;
				PRODUCT_BUNDLE_IDENTIFIER = zirit.CoreDataTodoList;
				PRODUCT_NAME = "$(TARGET_NAME)";
				SWIFT_EMIT_LOC_STRINGS = YES;
				SWIFT_VERSION = 5.0;
				TARGETED_DEVICE_FAMILY = "1,2";
			};
			name = Debug;
		};
		54ABE8D22858C935007DA793 /* Release */ = {
			isa = XCBuildConfiguration;
			buildSettings = {
				ASSETCATALOG_COMPILER_APPICON_NAME = AppIcon;
				ASSETCATALOG_COMPILER_GLOBAL_ACCENT_COLOR_NAME = AccentColor;
				CODE_SIGN_STYLE = Automatic;
				CURRENT_PROJECT_VERSION = 1;
				GENERATE_INFOPLIST_FILE = YES;
				INFOPLIST_FILE = CoreDataTodoList/Info.plist;
				INFOPLIST_KEY_UIApplicationSupportsIndirectInputEvents = YES;
				INFOPLIST_KEY_UILaunchStoryboardName = LaunchScreen;
				INFOPLIST_KEY_UIMainStoryboardFile = Main;
				INFOPLIST_KEY_UISupportedInterfaceOrientations_iPad = "UIInterfaceOrientationPortrait UIInterfaceOrientationPortraitUpsideDown UIInterfaceOrientationLandscapeLeft UIInterfaceOrientationLandscapeRight";
				INFOPLIST_KEY_UISupportedInterfaceOrientations_iPhone = "UIInterfaceOrientationPortrait UIInterfaceOrientationLandscapeLeft UIInterfaceOrientationLandscapeRight";
				LD_RUNPATH_SEARCH_PATHS = (
					"$(inherited)",
					"@executable_path/Frameworks",
				);
				MARKETING_VERSION = 1.0;
				PRODUCT_BUNDLE_IDENTIFIER = zirit.CoreDataTodoList;
				PRODUCT_NAME = "$(TARGET_NAME)";
				SWIFT_EMIT_LOC_STRINGS = YES;
				SWIFT_VERSION = 5.0;
				TARGETED_DEVICE_FAMILY = "1,2";
			};
			name = Release;
		};
/* End XCBuildConfiguration section */

/* Begin XCConfigurationList section */
		54ABE8B42858C932007DA793 /* Build configuration list for PBXProject "CoreDataTodoList" */ = {
			isa = XCConfigurationList;
			buildConfigurations = (
				54ABE8CE2858C935007DA793 /* Debug */,
				54ABE8CF2858C935007DA793 /* Release */,
			);
			defaultConfigurationIsVisible = 0;
			defaultConfigurationName = Release;
		};
		54ABE8D02858C935007DA793 /* Build configuration list for PBXNativeTarget "CoreDataTodoList" */ = {
			isa = XCConfigurationList;
			buildConfigurations = (
				54ABE8D12858C935007DA793 /* Debug */,
				54ABE8D22858C935007DA793 /* Release */,
			);
			defaultConfigurationIsVisible = 0;
			defaultConfigurationName = Release;
		};
/* End XCConfigurationList section */

/* Begin XCVersionGroup section */
		54ABE8C52858C932007DA793 /* CoreDataTodoList.xcdatamodeld */ = {
			isa = XCVersionGroup;
			children = (
				54ABE8C62858C932007DA793 /* CoreDataTodoList.xcdatamodel */,
			);
			currentVersion = 54ABE8C62858C932007DA793 /* CoreDataTodoList.xcdatamodel */;
			path = CoreDataTodoList.xcdatamodeld;
			sourceTree = "<group>";
			versionGroupType = wrapper.xcdatamodel;
		};
/* End XCVersionGroup section */
	};
	rootObject = 54ABE8B12858C932007DA793 /* Project object */;
}
