// !$*UTF8*$!
{
	archiveVersion = 1;
	classes = {
	};
	objectVersion = 55;
	objects = {

/* Begin PBXBuildFile section */
		5413AF1727906F660007AF3D /* AppDelegate.swift in Sources */ = {isa = PBXBuildFile; fileRef = 5413AF1627906F660007AF3D /* AppDelegate.swift */; };
		5413AF1927906F660007AF3D /* SceneDelegate.swift in Sources */ = {isa = PBXBuildFile; fileRef = 5413AF1827906F660007AF3D /* SceneDelegate.swift */; };
		5413AF1B27906F660007AF3D /* ViewController.swift in Sources */ = {isa = PBXBuildFile; fileRef = 5413AF1A27906F660007AF3D /* ViewController.swift */; };
		5413AF1E27906F660007AF3D /* Main.storyboard in Resources */ = {isa = PBXBuildFile; fileRef = 5413AF1C27906F660007AF3D /* Main.storyboard */; };
		5413AF2027906F690007AF3D /* Assets.xcassets in Resources */ = {isa = PBXBuildFile; fileRef = 5413AF1F27906F690007AF3D /* Assets.xcassets */; };
		5413AF2327906F690007AF3D /* LaunchScreen.storyboard in Resources */ = {isa = PBXBuildFile; fileRef = 5413AF2127906F690007AF3D /* LaunchScreen.storyboard */; };
		5413AF2B2790727B0007AF3D /* CovidDetailViewControllerTableViewController.swift in Sources */ = {isa = PBXBuildFile; fileRef = 5413AF2A2790727B0007AF3D /* CovidDetailViewControllerTableViewController.swift */; };
		5413AF2D2791C4960007AF3D /* CityCovidModel.swift in Sources */ = {isa = PBXBuildFile; fileRef = 5413AF2C2791C4950007AF3D /* CityCovidModel.swift */; };
		DC123D216F72537231366BA1 /* Pods_COVID19.framework in Frameworks */ = {isa = PBXBuildFile; fileRef = 27352391402C1501763A5B93 /* Pods_COVID19.framework */; };
/* End PBXBuildFile section */

/* Begin PBXFileReference section */
		27352391402C1501763A5B93 /* Pods_COVID19.framework */ = {isa = PBXFileReference; explicitFileType = wrapper.framework; includeInIndex = 0; path = Pods_COVID19.framework; sourceTree = BUILT_PRODUCTS_DIR; };
		34D0B1F73D20D538B96D0790 /* Pods-COVID19.release.xcconfig */ = {isa = PBXFileReference; includeInIndex = 1; lastKnownFileType = text.xcconfig; name = "Pods-COVID19.release.xcconfig"; path = "Target Support Files/Pods-COVID19/Pods-COVID19.release.xcconfig"; sourceTree = "<group>"; };
		5413AF1327906F660007AF3D /* COVID19.app */ = {isa = PBXFileReference; explicitFileType = wrapper.application; includeInIndex = 0; path = COVID19.app; sourceTree = BUILT_PRODUCTS_DIR; };
		5413AF1627906F660007AF3D /* AppDelegate.swift */ = {isa = PBXFileReference; lastKnownFileType = sourcecode.swift; path = AppDelegate.swift; sourceTree = "<group>"; };
		5413AF1827906F660007AF3D /* SceneDelegate.swift */ = {isa = PBXFileReference; lastKnownFileType = sourcecode.swift; path = SceneDelegate.swift; sourceTree = "<group>"; };
		5413AF1A27906F660007AF3D /* ViewController.swift */ = {isa = PBXFileReference; lastKnownFileType = sourcecode.swift; path = ViewController.swift; sourceTree = "<group>"; };
		5413AF1D27906F660007AF3D /* Base */ = {isa = PBXFileReference; lastKnownFileType = file.storyboard; name = Base; path = Base.lproj/Main.storyboard; sourceTree = "<group>"; };
		5413AF1F27906F690007AF3D /* Assets.xcassets */ = {isa = PBXFileReference; lastKnownFileType = folder.assetcatalog; path = Assets.xcassets; sourceTree = "<group>"; };
		5413AF2227906F690007AF3D /* Base */ = {isa = PBXFileReference; lastKnownFileType = file.storyboard; name = Base; path = Base.lproj/LaunchScreen.storyboard; sourceTree = "<group>"; };
		5413AF2427906F690007AF3D /* Info.plist */ = {isa = PBXFileReference; lastKnownFileType = text.plist.xml; path = Info.plist; sourceTree = "<group>"; };
		5413AF2A2790727B0007AF3D /* CovidDetailViewControllerTableViewController.swift */ = {isa = PBXFileReference; lastKnownFileType = sourcecode.swift; path = CovidDetailViewControllerTableViewController.swift; sourceTree = "<group>"; };
		5413AF2C2791C4950007AF3D /* CityCovidModel.swift */ = {isa = PBXFileReference; lastKnownFileType = sourcecode.swift; path = CityCovidModel.swift; sourceTree = "<group>"; };
		D86BA5B60C67B90930004B18 /* Pods-COVID19.debug.xcconfig */ = {isa = PBXFileReference; includeInIndex = 1; lastKnownFileType = text.xcconfig; name = "Pods-COVID19.debug.xcconfig"; path = "Target Support Files/Pods-COVID19/Pods-COVID19.debug.xcconfig"; sourceTree = "<group>"; };
/* End PBXFileReference section */

/* Begin PBXFrameworksBuildPhase section */
		5413AF1027906F660007AF3D /* Frameworks */ = {
			isa = PBXFrameworksBuildPhase;
			buildActionMask = 2147483647;
			files = (
				DC123D216F72537231366BA1 /* Pods_COVID19.framework in Frameworks */,
			);
			runOnlyForDeploymentPostprocessing = 0;
		};
/* End PBXFrameworksBuildPhase section */

/* Begin PBXGroup section */
		4F35759C6CF7BA8EDCC84273 /* Pods */ = {
			isa = PBXGroup;
			children = (
				D86BA5B60C67B90930004B18 /* Pods-COVID19.debug.xcconfig */,
				34D0B1F73D20D538B96D0790 /* Pods-COVID19.release.xcconfig */,
			);
			path = Pods;
			sourceTree = "<group>";
		};
		5413AF0A27906F660007AF3D = {
			isa = PBXGroup;
			children = (
				5413AF1527906F660007AF3D /* COVID19 */,
				5413AF1427906F660007AF3D /* Products */,
				4F35759C6CF7BA8EDCC84273 /* Pods */,
				607B6CEF5BBC075C746A1BF9 /* Frameworks */,
			);
			sourceTree = "<group>";
		};
		5413AF1427906F660007AF3D /* Products */ = {
			isa = PBXGroup;
			children = (
				5413AF1327906F660007AF3D /* COVID19.app */,
			);
			name = Products;
			sourceTree = "<group>";
		};
		5413AF1527906F660007AF3D /* COVID19 */ = {
			isa = PBXGroup;
			children = (
				5413AF1627906F660007AF3D /* AppDelegate.swift */,
				5413AF1827906F660007AF3D /* SceneDelegate.swift */,
				5413AF1A27906F660007AF3D /* ViewController.swift */,
				5413AF1C27906F660007AF3D /* Main.storyboard */,
				5413AF1F27906F690007AF3D /* Assets.xcassets */,
				5413AF2127906F690007AF3D /* LaunchScreen.storyboard */,
				5413AF2427906F690007AF3D /* Info.plist */,
				5413AF2A2790727B0007AF3D /* CovidDetailViewControllerTableViewController.swift */,
				5413AF2C2791C4950007AF3D /* CityCovidModel.swift */,
			);
			path = COVID19;
			sourceTree = "<group>";
		};
		607B6CEF5BBC075C746A1BF9 /* Frameworks */ = {
			isa = PBXGroup;
			children = (
				27352391402C1501763A5B93 /* Pods_COVID19.framework */,
			);
			name = Frameworks;
			sourceTree = "<group>";
		};
/* End PBXGroup section */

/* Begin PBXNativeTarget section */
		5413AF1227906F660007AF3D /* COVID19 */ = {
			isa = PBXNativeTarget;
			buildConfigurationList = 5413AF2727906F690007AF3D /* Build configuration list for PBXNativeTarget "COVID19" */;
			buildPhases = (
				94C60B9533526B0D827DE4B3 /* [CP] Check Pods Manifest.lock */,
				5413AF0F27906F660007AF3D /* Sources */,
				5413AF1027906F660007AF3D /* Frameworks */,
				5413AF1127906F660007AF3D /* Resources */,
				348D12D6154C1225464B131E /* [CP] Embed Pods Frameworks */,
			);
			buildRules = (
			);
			dependencies = (
			);
			name = COVID19;
			productName = COVID19;
			productReference = 5413AF1327906F660007AF3D /* COVID19.app */;
			productType = "com.apple.product-type.application";
		};
/* End PBXNativeTarget section */

/* Begin PBXProject section */
		5413AF0B27906F660007AF3D /* Project object */ = {
			isa = PBXProject;
			attributes = {
				BuildIndependentTargetsInParallel = 1;
				LastSwiftUpdateCheck = 1320;
				LastUpgradeCheck = 1320;
				TargetAttributes = {
					5413AF1227906F660007AF3D = {
						CreatedOnToolsVersion = 13.2.1;
					};
				};
			};
			buildConfigurationList = 5413AF0E27906F660007AF3D /* Build configuration list for PBXProject "COVID19" */;
			compatibilityVersion = "Xcode 13.0";
			developmentRegion = en;
			hasScannedForEncodings = 0;
			knownRegions = (
				en,
				Base,
			);
			mainGroup = 5413AF0A27906F660007AF3D;
			productRefGroup = 5413AF1427906F660007AF3D /* Products */;
			projectDirPath = "";
			projectRoot = "";
			targets = (
				5413AF1227906F660007AF3D /* COVID19 */,
			);
		};
/* End PBXProject section */

/* Begin PBXResourcesBuildPhase section */
		5413AF1127906F660007AF3D /* Resources */ = {
			isa = PBXResourcesBuildPhase;
			buildActionMask = 2147483647;
			files = (
				5413AF2327906F690007AF3D /* LaunchScreen.storyboard in Resources */,
				5413AF2027906F690007AF3D /* Assets.xcassets in Resources */,
				5413AF1E27906F660007AF3D /* Main.storyboard in Resources */,
			);
			runOnlyForDeploymentPostprocessing = 0;
		};
/* End PBXResourcesBuildPhase section */

/* Begin PBXShellScriptBuildPhase section */
		348D12D6154C1225464B131E /* [CP] Embed Pods Frameworks */ = {
			isa = PBXShellScriptBuildPhase;
			buildActionMask = 2147483647;
			files = (
			);
			inputFileListPaths = (
				"${PODS_ROOT}/Target Support Files/Pods-COVID19/Pods-COVID19-frameworks-${CONFIGURATION}-input-files.xcfilelist",
			);
			name = "[CP] Embed Pods Frameworks";
			outputFileListPaths = (
				"${PODS_ROOT}/Target Support Files/Pods-COVID19/Pods-COVID19-frameworks-${CONFIGURATION}-output-files.xcfilelist",
			);
			runOnlyForDeploymentPostprocessing = 0;
			shellPath = /bin/sh;
			shellScript = "\"${PODS_ROOT}/Target Support Files/Pods-COVID19/Pods-COVID19-frameworks.sh\"\n";
			showEnvVarsInLog = 0;
		};
		94C60B9533526B0D827DE4B3 /* [CP] Check Pods Manifest.lock */ = {
			isa = PBXShellScriptBuildPhase;
			buildActionMask = 2147483647;
			files = (
			);
			inputFileListPaths = (
			);
			inputPaths = (
				"${PODS_PODFILE_DIR_PATH}/Podfile.lock",
				"${PODS_ROOT}/Manifest.lock",
			);
			name = "[CP] Check Pods Manifest.lock";
			outputFileListPaths = (
			);
			outputPaths = (
				"$(DERIVED_FILE_DIR)/Pods-COVID19-checkManifestLockResult.txt",
			);
			runOnlyForDeploymentPostprocessing = 0;
			shellPath = /bin/sh;
			shellScript = "diff \"${PODS_PODFILE_DIR_PATH}/Podfile.lock\" \"${PODS_ROOT}/Manifest.lock\" > /dev/null\nif [ $? != 0 ] ; then\n    # print error to STDERR\n    echo \"error: The sandbox is not in sync with the Podfile.lock. Run 'pod install' or update your CocoaPods installation.\" >&2\n    exit 1\nfi\n# This output is used by Xcode 'outputs' to avoid re-running this script phase.\necho \"SUCCESS\" > \"${SCRIPT_OUTPUT_FILE_0}\"\n";
			showEnvVarsInLog = 0;
		};
/* End PBXShellScriptBuildPhase section */

/* Begin PBXSourcesBuildPhase section */
		5413AF0F27906F660007AF3D /* Sources */ = {
			isa = PBXSourcesBuildPhase;
			buildActionMask = 2147483647;
			files = (
				5413AF1B27906F660007AF3D /* ViewController.swift in Sources */,
				5413AF2D2791C4960007AF3D /* CityCovidModel.swift in Sources */,
				5413AF1727906F660007AF3D /* AppDelegate.swift in Sources */,
				5413AF1927906F660007AF3D /* SceneDelegate.swift in Sources */,
				5413AF2B2790727B0007AF3D /* CovidDetailViewControllerTableViewController.swift in Sources */,
			);
			runOnlyForDeploymentPostprocessing = 0;
		};
/* End PBXSourcesBuildPhase section */

/* Begin PBXVariantGroup section */
		5413AF1C27906F660007AF3D /* Main.storyboard */ = {
			isa = PBXVariantGroup;
			children = (
				5413AF1D27906F660007AF3D /* Base */,
			);
			name = Main.storyboard;
			sourceTree = "<group>";
		};
		5413AF2127906F690007AF3D /* LaunchScreen.storyboard */ = {
			isa = PBXVariantGroup;
			children = (
				5413AF2227906F690007AF3D /* Base */,
			);
			name = LaunchScreen.storyboard;
			sourceTree = "<group>";
		};
/* End PBXVariantGroup section */

/* Begin XCBuildConfiguration section */
		5413AF2527906F690007AF3D /* Debug */ = {
			isa = XCBuildConfiguration;
			buildSettings = {
				ALWAYS_SEARCH_USER_PATHS = NO;
				CLANG_ANALYZER_NONNULL = YES;
				CLANG_ANALYZER_NUMBER_OBJECT_CONVERSION = YES_AGGRESSIVE;
				CLANG_CXX_LANGUAGE_STANDARD = "gnu++17";
				CLANG_CXX_LIBRARY = "libc++";
				CLANG_ENABLE_MODULES = YES;
				CLANG_ENABLE_OBJC_ARC = YES;
				CLANG_ENABLE_OBJC_WEAK = YES;
				CLANG_WARN_BLOCK_CAPTURE_AUTORELEASING = YES;
				CLANG_WARN_BOOL_CONVERSION = YES;
				CLANG_WARN_COMMA = YES;
				CLANG_WARN_CONSTANT_CONVERSION = YES;
				CLANG_WARN_DEPRECATED_OBJC_IMPLEMENTATIONS = YES;
				CLANG_WARN_DIRECT_OBJC_ISA_USAGE = YES_ERROR;
				CLANG_WARN_DOCUMENTATION_COMMENTS = YES;
				CLANG_WARN_EMPTY_BODY = YES;
				CLANG_WARN_ENUM_CONVERSION = YES;
				CLANG_WARN_INFINITE_RECURSION = YES;
				CLANG_WARN_INT_CONVERSION = YES;
				CLANG_WARN_NON_LITERAL_NULL_CONVERSION = YES;
				CLANG_WARN_OBJC_IMPLICIT_RETAIN_SELF = YES;
				CLANG_WARN_OBJC_LITERAL_CONVERSION = YES;
				CLANG_WARN_OBJC_ROOT_CLASS = YES_ERROR;
				CLANG_WARN_QUOTED_INCLUDE_IN_FRAMEWORK_HEADER = YES;
				CLANG_WARN_RANGE_LOOP_ANALYSIS = YES;
				CLANG_WARN_STRICT_PROTOTYPES = YES;
				CLANG_WARN_SUSPICIOUS_MOVE = YES;
				CLANG_WARN_UNGUARDED_AVAILABILITY = YES_AGGRESSIVE;
				CLANG_WARN_UNREACHABLE_CODE = YES;
				CLANG_WARN__DUPLICATE_METHOD_MATCH = YES;
				COPY_PHASE_STRIP = NO;
				DEBUG_INFORMATION_FORMAT = dwarf;
				ENABLE_STRICT_OBJC_MSGSEND = YES;
				ENABLE_TESTABILITY = YES;
				GCC_C_LANGUAGE_STANDARD = gnu11;
				GCC_DYNAMIC_NO_PIC = NO;
				GCC_NO_COMMON_BLOCKS = YES;
				GCC_OPTIMIZATION_LEVEL = 0;
				GCC_PREPROCESSOR_DEFINITIONS = (
					"DEBUG=1",
					"$(inherited)",
				);
				GCC_WARN_64_TO_32_BIT_CONVERSION = YES;
				GCC_WARN_ABOUT_RETURN_TYPE = YES_ERROR;
				GCC_WARN_UNDECLARED_SELECTOR = YES;
				GCC_WARN_UNINITIALIZED_AUTOS = YES_AGGRESSIVE;
				GCC_WARN_UNUSED_FUNCTION = YES;
				GCC_WARN_UNUSED_VARIABLE = YES;
				IPHONEOS_DEPLOYMENT_TARGET = 15.2;
				MTL_ENABLE_DEBUG_INFO = INCLUDE_SOURCE;
				MTL_FAST_MATH = YES;
				ONLY_ACTIVE_ARCH = YES;
				SDKROOT = iphoneos;
				SWIFT_ACTIVE_COMPILATION_CONDITIONS = DEBUG;
				SWIFT_OPTIMIZATION_LEVEL = "-Onone";
			};
			name = Debug;
		};
		5413AF2627906F690007AF3D /* Release */ = {
			isa = XCBuildConfiguration;
			buildSettings = {
				ALWAYS_SEARCH_USER_PATHS = NO;
				CLANG_ANALYZER_NONNULL = YES;
				CLANG_ANALYZER_NUMBER_OBJECT_CONVERSION = YES_AGGRESSIVE;
				CLANG_CXX_LANGUAGE_STANDARD = "gnu++17";
				CLANG_CXX_LIBRARY = "libc++";
				CLANG_ENABLE_MODULES = YES;
				CLANG_ENABLE_OBJC_ARC = YES;
				CLANG_ENABLE_OBJC_WEAK = YES;
				CLANG_WARN_BLOCK_CAPTURE_AUTORELEASING = YES;
				CLANG_WARN_BOOL_CONVERSION = YES;
				CLANG_WARN_COMMA = YES;
				CLANG_WARN_CONSTANT_CONVERSION = YES;
				CLANG_WARN_DEPRECATED_OBJC_IMPLEMENTATIONS = YES;
				CLANG_WARN_DIRECT_OBJC_ISA_USAGE = YES_ERROR;
				CLANG_WARN_DOCUMENTATION_COMMENTS = YES;
				CLANG_WARN_EMPTY_BODY = YES;
				CLANG_WARN_ENUM_CONVERSION = YES;
				CLANG_WARN_INFINITE_RECURSION = YES;
				CLANG_WARN_INT_CONVERSION = YES;
				CLANG_WARN_NON_LITERAL_NULL_CONVERSION = YES;
				CLANG_WARN_OBJC_IMPLICIT_RETAIN_SELF = YES;
				CLANG_WARN_OBJC_LITERAL_CONVERSION = YES;
				CLANG_WARN_OBJC_ROOT_CLASS = YES_ERROR;
				CLANG_WARN_QUOTED_INCLUDE_IN_FRAMEWORK_HEADER = YES;
				CLANG_WARN_RANGE_LOOP_ANALYSIS = YES;
				CLANG_WARN_STRICT_PROTOTYPES = YES;
				CLANG_WARN_SUSPICIOUS_MOVE = YES;
				CLANG_WARN_UNGUARDED_AVAILABILITY = YES_AGGRESSIVE;
				CLANG_WARN_UNREACHABLE_CODE = YES;
				CLANG_WARN__DUPLICATE_METHOD_MATCH = YES;
				COPY_PHASE_STRIP = NO;
				DEBUG_INFORMATION_FORMAT = "dwarf-with-dsym";
				ENABLE_NS_ASSERTIONS = NO;
				ENABLE_STRICT_OBJC_MSGSEND = YES;
				GCC_C_LANGUAGE_STANDARD = gnu11;
				GCC_NO_COMMON_BLOCKS = YES;
				GCC_WARN_64_TO_32_BIT_CONVERSION = YES;
				GCC_WARN_ABOUT_RETURN_TYPE = YES_ERROR;
				GCC_WARN_UNDECLARED_SELECTOR = YES;
				GCC_WARN_UNINITIALIZED_AUTOS = YES_AGGRESSIVE;
				GCC_WARN_UNUSED_FUNCTION = YES;
				GCC_WARN_UNUSED_VARIABLE = YES;
				IPHONEOS_DEPLOYMENT_TARGET = 15.2;
				MTL_ENABLE_DEBUG_INFO = NO;
				MTL_FAST_MATH = YES;
				SDKROOT = iphoneos;
				SWIFT_COMPILATION_MODE = wholemodule;
				SWIFT_OPTIMIZATION_LEVEL = "-O";
				VALIDATE_PRODUCT = YES;
			};
			name = Release;
		};
		5413AF2827906F690007AF3D /* Debug */ = {
			isa = XCBuildConfiguration;
			baseConfigurationReference = D86BA5B60C67B90930004B18 /* Pods-COVID19.debug.xcconfig */;
			buildSettings = {
				ASSETCATALOG_COMPILER_APPICON_NAME = AppIcon;
				ASSETCATALOG_COMPILER_GLOBAL_ACCENT_COLOR_NAME = AccentColor;
				CODE_SIGN_STYLE = Automatic;
				CURRENT_PROJECT_VERSION = 1;
				GENERATE_INFOPLIST_FILE = YES;
				INFOPLIST_FILE = COVID19/Info.plist;
				INFOPLIST_KEY_UIApplicationSupportsIndirectInputEvents = YES;
				INFOPLIST_KEY_UILaunchStoryboardName = LaunchScreen;
				INFOPLIST_KEY_UIMainStoryboardFile = Main;
				INFOPLIST_KEY_UISupportedInterfaceOrientations_iPad = "UIInterfaceOrientationPortrait UIInterfaceOrientationPortraitUpsideDown UIInterfaceOrientationLandscapeLeft UIInterfaceOrientationLandscapeRight";
				INFOPLIST_KEY_UISupportedInterfaceOrientations_iPhone = "UIInterfaceOrientationPortrait UIInterfaceOrientationLandscapeLeft UIInterfaceOrientationLandscapeRight";
				LD_RUNPATH_SEARCH_PATHS = (
					"$(inherited)",
					"@executable_path/Frameworks",
				);
				MARKETING_VERSION = 1.0;
				PRODUCT_BUNDLE_IDENTIFIER = zirit.COVID19;
				PRODUCT_NAME = "$(TARGET_NAME)";
				SWIFT_EMIT_LOC_STRINGS = YES;
				SWIFT_VERSION = 5.0;
				TARGETED_DEVICE_FAMILY = "1,2";
			};
			name = Debug;
		};
		5413AF2927906F690007AF3D /* Release */ = {
			isa = XCBuildConfiguration;
			baseConfigurationReference = 34D0B1F73D20D538B96D0790 /* Pods-COVID19.release.xcconfig */;
			buildSettings = {
				ASSETCATALOG_COMPILER_APPICON_NAME = AppIcon;
				ASSETCATALOG_COMPILER_GLOBAL_ACCENT_COLOR_NAME = AccentColor;
				CODE_SIGN_STYLE = Automatic;
				CURRENT_PROJECT_VERSION = 1;
				GENERATE_INFOPLIST_FILE = YES;
				INFOPLIST_FILE = COVID19/Info.plist;
				INFOPLIST_KEY_UIApplicationSupportsIndirectInputEvents = YES;
				INFOPLIST_KEY_UILaunchStoryboardName = LaunchScreen;
				INFOPLIST_KEY_UIMainStoryboardFile = Main;
				INFOPLIST_KEY_UISupportedInterfaceOrientations_iPad = "UIInterfaceOrientationPortrait UIInterfaceOrientationPortraitUpsideDown UIInterfaceOrientationLandscapeLeft UIInterfaceOrientationLandscapeRight";
				INFOPLIST_KEY_UISupportedInterfaceOrientations_iPhone = "UIInterfaceOrientationPortrait UIInterfaceOrientationLandscapeLeft UIInterfaceOrientationLandscapeRight";
				LD_RUNPATH_SEARCH_PATHS = (
					"$(inherited)",
					"@executable_path/Frameworks",
				);
				MARKETING_VERSION = 1.0;
				PRODUCT_BUNDLE_IDENTIFIER = zirit.COVID19;
				PRODUCT_NAME = "$(TARGET_NAME)";
				SWIFT_EMIT_LOC_STRINGS = YES;
				SWIFT_VERSION = 5.0;
				TARGETED_DEVICE_FAMILY = "1,2";
			};
			name = Release;
		};
/* End XCBuildConfiguration section */

/* Begin XCConfigurationList section */
		5413AF0E27906F660007AF3D /* Build configuration list for PBXProject "COVID19" */ = {
			isa = XCConfigurationList;
			buildConfigurations = (
				5413AF2527906F690007AF3D /* Debug */,
				5413AF2627906F690007AF3D /* Release */,
			);
			defaultConfigurationIsVisible = 0;
			defaultConfigurationName = Release;
		};
		5413AF2727906F690007AF3D /* Build configuration list for PBXNativeTarget "COVID19" */ = {
			isa = XCConfigurationList;
			buildConfigurations = (
				5413AF2827906F690007AF3D /* Debug */,
				5413AF2927906F690007AF3D /* Release */,
			);
			defaultConfigurationIsVisible = 0;
			defaultConfigurationName = Release;
		};
/* End XCConfigurationList section */
	};
	rootObject = 5413AF0B27906F660007AF3D /* Project object */;
}
